// !$*UTF8*$!
{
	archiveVersion = 1;
	classes = {
	};
	objectVersion = 51;
	objects = {

/* Begin PBXBuildFile section */
		29009CEB783F946CCB12A4C1 /* Static.bundle in Resources */ = {isa = PBXBuildFile; fileRef = 209388F1C358A11F2EA60B20 /* Static.bundle */; settings = {ATTRIBUTES = (CodeSignOnCopy, RemoveHeadersOnCopy, ); }; };
		4DC072D3EC3407A3D486535C /* Primitives.swift in Sources */ = {isa = PBXBuildFile; fileRef = A4FFBBA507E424CB53F47F26 /* Primitives.swift */; };
		5F5B86DD7798401E2E00D0A0 /* meow in Resources */ = {isa = PBXBuildFile; fileRef = 397703DDBAEDD8F5CDF52A79 /* meow */; };
		930AB82DB35848F4C1E3FDBF /* Meow.framework in Frameworks */ = {isa = PBXBuildFile; fileRef = 73AAA71D4AC30A141B96A8B7 /* Meow.framework */; };
		99B076F33B749FFE098AF2F3 /* ChildComponent.swift in Sources */ = {isa = PBXBuildFile; fileRef = 7196CF7776EBC53EF094F8EB /* ChildComponent.swift */; };
		C117C413D66AC8461086BCB7 /* NestedPrefabComponent.swift in Sources */ = {isa = PBXBuildFile; fileRef = 13E9C917EDE1C11380009C5A /* NestedPrefabComponent.swift */; };
		E370AE623F514AA667F4B23A /* EmptyComponent.swift in Sources */ = {isa = PBXBuildFile; fileRef = CBC69A8F90E63FB64A299EBE /* EmptyComponent.swift */; };
		E820DFBC05456C97437DEBD5 /* Color.swift in Sources */ = {isa = PBXBuildFile; fileRef = 7E9EA012604A0855E7E63B84 /* Color.swift */; };
		E9C5C9847D80716DEEFB339E /* ChildComponent+Binding.swift in Sources */ = {isa = PBXBuildFile; fileRef = D56FC23781B063907026A0F2 /* ChildComponent+Binding.swift */; };
/* End PBXBuildFile section */

/* Begin PBXContainerItemProxy section */
		220E39C80E1CC45E0D74C4A4 /* PBXContainerItemProxy */ = {
			isa = PBXContainerItemProxy;
			containerPortal = BE932CEDBB9619EDD10E5EB7 /* Project object */;
			proxyType = 1;
			remoteGlobalIDString = 5C5EC872524B4FC86523A1F1;
			remoteInfo = Static;
		};
/* End PBXContainerItemProxy section */

/* Begin PBXFileReference section */
		13E9C917EDE1C11380009C5A /* NestedPrefabComponent.swift */ = {isa = PBXFileReference; lastKnownFileType = sourcecode.swift; path = NestedPrefabComponent.swift; sourceTree = "<group>"; };
		209388F1C358A11F2EA60B20 /* Static.bundle */ = {isa = PBXFileReference; includeInIndex = 0; lastKnownFileType = "wrapper.plug-in"; path = Static.bundle; sourceTree = BUILT_PRODUCTS_DIR; };
		397703DDBAEDD8F5CDF52A79 /* meow */ = {isa = PBXFileReference; lastKnownFileType = folder; name = meow; path = Sources/Static/meow; sourceTree = SOURCE_ROOT; };
		7196CF7776EBC53EF094F8EB /* ChildComponent.swift */ = {isa = PBXFileReference; lastKnownFileType = sourcecode.swift; path = ChildComponent.swift; sourceTree = "<group>"; };
		73AAA71D4AC30A141B96A8B7 /* Meow.framework */ = {isa = PBXFileReference; lastKnownFileType = wrapper.framework; path = Meow.framework; sourceTree = "<group>"; };
		7E9EA012604A0855E7E63B84 /* Color.swift */ = {isa = PBXFileReference; lastKnownFileType = sourcecode.swift; path = Color.swift; sourceTree = "<group>"; };
		A468599ABC5B0980214C95EC /* Info.plist */ = {isa = PBXFileReference; lastKnownFileType = text.plist; path = Info.plist; sourceTree = "<group>"; };
		A4FFBBA507E424CB53F47F26 /* Primitives.swift */ = {isa = PBXFileReference; lastKnownFileType = sourcecode.swift; path = Primitives.swift; sourceTree = "<group>"; };
		CBC69A8F90E63FB64A299EBE /* EmptyComponent.swift */ = {isa = PBXFileReference; lastKnownFileType = sourcecode.swift; path = EmptyComponent.swift; sourceTree = "<group>"; };
		D56FC23781B063907026A0F2 /* ChildComponent+Binding.swift */ = {isa = PBXFileReference; lastKnownFileType = sourcecode.swift; path = "ChildComponent+Binding.swift"; sourceTree = "<group>"; };
		ECA687616426CD2504F240CB /* DiezTargetTestStub.framework */ = {isa = PBXFileReference; explicitFileType = wrapper.framework; includeInIndex = 0; path = DiezTargetTestStub.framework; sourceTree = BUILT_PRODUCTS_DIR; };
/* End PBXFileReference section */

/* Begin PBXFrameworksBuildPhase section */
		DFF3AC675D430564C8652732 /* Frameworks */ = {
			isa = PBXFrameworksBuildPhase;
			buildActionMask = 2147483647;
			files = (
				930AB82DB35848F4C1E3FDBF /* Meow.framework in Frameworks */,
			);
			runOnlyForDeploymentPostprocessing = 0;
		};
/* End PBXFrameworksBuildPhase section */

/* Begin PBXGroup section */
		20F2793E5A26967CAF4C9DDE /* Components */ = {
			isa = PBXGroup;
			children = (
				7196CF7776EBC53EF094F8EB /* ChildComponent.swift */,
				7E9EA012604A0855E7E63B84 /* Color.swift */,
				CBC69A8F90E63FB64A299EBE /* EmptyComponent.swift */,
				13E9C917EDE1C11380009C5A /* NestedPrefabComponent.swift */,
				A4FFBBA507E424CB53F47F26 /* Primitives.swift */,
			);
			path = Components;
			sourceTree = "<group>";
		};
		7ECD0FCF0AC4048E5F681F02 /* Bindings */ = {
			isa = PBXGroup;
			children = (
				D56FC23781B063907026A0F2 /* ChildComponent+Binding.swift */,
			);
			path = Bindings;
			sourceTree = "<group>";
		};
		7F367FC9C0A7A07F91CCED31 /* iOS */ = {
			isa = PBXGroup;
			children = (
				73AAA71D4AC30A141B96A8B7 /* Meow.framework */,
			);
			path = iOS;
			sourceTree = "<group>";
		};
		83BB917DAB8BAEDE50ECA4D8 /* Carthage */ = {
			isa = PBXGroup;
			children = (
				7F367FC9C0A7A07F91CCED31 /* iOS */,
			);
			name = Carthage;
			path = Carthage/Build;
			sourceTree = "<group>";
		};
		AE115C9911B97388ADE7C752 /* DiezTargetTestStub */ = {
			isa = PBXGroup;
			children = (
				A468599ABC5B0980214C95EC /* Info.plist */,
				7ECD0FCF0AC4048E5F681F02 /* Bindings */,
				20F2793E5A26967CAF4C9DDE /* Components */,
			);
			name = DiezTargetTestStub;
			path = Sources/DiezTargetTestStub;
			sourceTree = "<group>";
		};
		D323C41CC37496D05D1A9D81 /* Products */ = {
			isa = PBXGroup;
			children = (
				ECA687616426CD2504F240CB /* DiezTargetTestStub.framework */,
				209388F1C358A11F2EA60B20 /* Static.bundle */,
			);
			name = Products;
			sourceTree = "<group>";
		};
		DC9AD64142C0D39ABE024837 = {
			isa = PBXGroup;
			children = (
				397703DDBAEDD8F5CDF52A79 /* meow */,
				AE115C9911B97388ADE7C752 /* DiezTargetTestStub */,
				EF5DC30E87AADBE98AEFB314 /* Frameworks */,
				D323C41CC37496D05D1A9D81 /* Products */,
			);
			sourceTree = "<group>";
		};
		EF5DC30E87AADBE98AEFB314 /* Frameworks */ = {
			isa = PBXGroup;
			children = (
				83BB917DAB8BAEDE50ECA4D8 /* Carthage */,
			);
			name = Frameworks;
			sourceTree = "<group>";
		};
/* End PBXGroup section */

/* Begin PBXNativeTarget section */
		5C5EC872524B4FC86523A1F1 /* Static */ = {
			isa = PBXNativeTarget;
			buildConfigurationList = 1AEB1DF08EFF27B33681D21D /* Build configuration list for PBXNativeTarget "Static" */;
			buildPhases = (
				701D17EE64586FAD160EC878 /* Resources */,
			);
			buildRules = (
			);
			dependencies = (
			);
			name = Static;
			productName = Static;
			productReference = 209388F1C358A11F2EA60B20 /* Static.bundle */;
			productType = "com.apple.product-type.bundle";
		};
		FB20A9D63D8652B03798D8D5 /* DiezTargetTestStub */ = {
			isa = PBXNativeTarget;
			buildConfigurationList = A1D20698386802C4EF84CAAD /* Build configuration list for PBXNativeTarget "DiezTargetTestStub" */;
			buildPhases = (
				EBD7EB776BF1771E83A67CBF /* Sources */,
				BE9E17A009342C077E898A70 /* Resources */,
				DFF3AC675D430564C8652732 /* Frameworks */,
			);
			buildRules = (
			);
			dependencies = (
				433DFD90C11D9F6F762E1DA7 /* PBXTargetDependency */,
			);
			name = DiezTargetTestStub;
			productName = DiezTargetTestStub;
			productReference = ECA687616426CD2504F240CB /* DiezTargetTestStub.framework */;
			productType = "com.apple.product-type.framework";
		};
/* End PBXNativeTarget section */

/* Begin PBXProject section */
		BE932CEDBB9619EDD10E5EB7 /* Project object */ = {
			isa = PBXProject;
			attributes = {
				LastUpgradeCheck = 1020;
				TargetAttributes = {
				};
			};
			buildConfigurationList = 19E53F962FBDF6DD22B5299D /* Build configuration list for PBXProject "DiezTargetTestStub" */;
			compatibilityVersion = "Xcode 10.0";
			developmentRegion = en;
			hasScannedForEncodings = 0;
			knownRegions = (
				en,
			);
			mainGroup = DC9AD64142C0D39ABE024837;
			projectDirPath = "";
			projectRoot = "";
			targets = (
				FB20A9D63D8652B03798D8D5 /* DiezTargetTestStub */,
				5C5EC872524B4FC86523A1F1 /* Static */,
			);
		};
/* End PBXProject section */

/* Begin PBXResourcesBuildPhase section */
		701D17EE64586FAD160EC878 /* Resources */ = {
			isa = PBXResourcesBuildPhase;
			buildActionMask = 2147483647;
			files = (
				5F5B86DD7798401E2E00D0A0 /* meow in Resources */,
			);
			runOnlyForDeploymentPostprocessing = 0;
		};
		BE9E17A009342C077E898A70 /* Resources */ = {
			isa = PBXResourcesBuildPhase;
			buildActionMask = 2147483647;
			files = (
				29009CEB783F946CCB12A4C1 /* Static.bundle in Resources */,
			);
			runOnlyForDeploymentPostprocessing = 0;
		};
/* End PBXResourcesBuildPhase section */

/* Begin PBXSourcesBuildPhase section */
		EBD7EB776BF1771E83A67CBF /* Sources */ = {
			isa = PBXSourcesBuildPhase;
			buildActionMask = 2147483647;
			files = (
				E9C5C9847D80716DEEFB339E /* ChildComponent+Binding.swift in Sources */,
				99B076F33B749FFE098AF2F3 /* ChildComponent.swift in Sources */,
				E820DFBC05456C97437DEBD5 /* Color.swift in Sources */,
				E370AE623F514AA667F4B23A /* EmptyComponent.swift in Sources */,
				C117C413D66AC8461086BCB7 /* NestedPrefabComponent.swift in Sources */,
				4DC072D3EC3407A3D486535C /* Primitives.swift in Sources */,
			);
			runOnlyForDeploymentPostprocessing = 0;
		};
/* End PBXSourcesBuildPhase section */

/* Begin PBXTargetDependency section */
		433DFD90C11D9F6F762E1DA7 /* PBXTargetDependency */ = {
			isa = PBXTargetDependency;
			target = 5C5EC872524B4FC86523A1F1 /* Static */;
			targetProxy = 220E39C80E1CC45E0D74C4A4 /* PBXContainerItemProxy */;
		};
/* End PBXTargetDependency section */

/* Begin XCBuildConfiguration section */
		3793D84C27D0D57F985452F1 /* Release */ = {
			isa = XCBuildConfiguration;
			buildSettings = {
				CODE_SIGN_IDENTITY = "";
				CURRENT_PROJECT_VERSION = 1;
				DEFINES_MODULE = YES;
				DYLIB_COMPATIBILITY_VERSION = 1;
				DYLIB_CURRENT_VERSION = 1;
				DYLIB_INSTALL_NAME_BASE = "@rpath";
				FRAMEWORK_SEARCH_PATHS = (
					"$(inherited)",
					"$(PROJECT_DIR)/Carthage/Build/iOS",
				);
				INFOPLIST_FILE = Sources/DiezTargetTestStub/Info.plist;
				INSTALL_PATH = "$(LOCAL_LIBRARY_DIR)/Frameworks";
				LD_RUNPATH_SEARCH_PATHS = (
					"$(inherited)",
					"@executable_path/Frameworks",
				);
				PRODUCT_BUNDLE_IDENTIFIER = org.diez.TargetTestStub.DiezTargetTestStub;
				SDKROOT = iphoneos;
				SKIP_INSTALL = YES;
				TARGETED_DEVICE_FAMILY = "1,2";
				VERSIONING_SYSTEM = "apple-generic";
			};
			name = Release;
		};
		7B0D4383475CF74764DE4BF9 /* Debug */ = {
			isa = XCBuildConfiguration;
			buildSettings = {
				CODE_SIGN_IDENTITY = "";
				CURRENT_PROJECT_VERSION = 1;
				DEFINES_MODULE = YES;
				DYLIB_COMPATIBILITY_VERSION = 1;
				DYLIB_CURRENT_VERSION = 1;
				DYLIB_INSTALL_NAME_BASE = "@rpath";
				FRAMEWORK_SEARCH_PATHS = (
					"$(inherited)",
					"$(PROJECT_DIR)/Carthage/Build/iOS",
				);
				INFOPLIST_FILE = Sources/DiezTargetTestStub/Info.plist;
				INSTALL_PATH = "$(LOCAL_LIBRARY_DIR)/Frameworks";
				LD_RUNPATH_SEARCH_PATHS = (
					"$(inherited)",
					"@executable_path/Frameworks",
				);
				PRODUCT_BUNDLE_IDENTIFIER = org.diez.TargetTestStub.DiezTargetTestStub;
				SDKROOT = iphoneos;
				SKIP_INSTALL = YES;
				TARGETED_DEVICE_FAMILY = "1,2";
				VERSIONING_SYSTEM = "apple-generic";
			};
			name = Debug;
		};
		9A908426E17849BA991691BB /* Debug */ = {
			isa = XCBuildConfiguration;
			buildSettings = {
				ALWAYS_SEARCH_USER_PATHS = NO;
				CLANG_ANALYZER_NONNULL = YES;
				CLANG_ANALYZER_NUMBER_OBJECT_CONVERSION = YES_AGGRESSIVE;
				CLANG_CXX_LANGUAGE_STANDARD = "gnu++14";
				CLANG_CXX_LIBRARY = "libc++";
				CLANG_ENABLE_MODULES = YES;
				CLANG_ENABLE_OBJC_ARC = YES;
				CLANG_WARN_BLOCK_CAPTURE_AUTORELEASING = YES;
				CLANG_WARN_BOOL_CONVERSION = YES;
				CLANG_WARN_COMMA = YES;
				CLANG_WARN_CONSTANT_CONVERSION = YES;
				CLANG_WARN_DEPRECATED_OBJC_IMPLEMENTATIONS = YES;
				CLANG_WARN_DIRECT_OBJC_ISA_USAGE = YES_ERROR;
				CLANG_WARN_DOCUMENTATION_COMMENTS = YES;
				CLANG_WARN_EMPTY_BODY = YES;
				CLANG_WARN_ENUM_CONVERSION = YES;
				CLANG_WARN_INFINITE_RECURSION = YES;
				CLANG_WARN_INT_CONVERSION = YES;
				CLANG_WARN_NON_LITERAL_NULL_CONVERSION = YES;
				CLANG_WARN_OBJC_IMPLICIT_RETAIN_SELF = YES;
				CLANG_WARN_OBJC_LITERAL_CONVERSION = YES;
				CLANG_WARN_OBJC_ROOT_CLASS = YES_ERROR;
				CLANG_WARN_RANGE_LOOP_ANALYSIS = YES;
				CLANG_WARN_STRICT_PROTOTYPES = YES;
				CLANG_WARN_SUSPICIOUS_MOVE = YES;
				CLANG_WARN_UNGUARDED_AVAILABILITY = YES_AGGRESSIVE;
				CLANG_WARN_UNREACHABLE_CODE = YES;
				CLANG_WARN__DUPLICATE_METHOD_MATCH = YES;
				COPY_PHASE_STRIP = NO;
				DEBUG_INFORMATION_FORMAT = dwarf;
				ENABLE_STRICT_OBJC_MSGSEND = YES;
				ENABLE_TESTABILITY = YES;
				GCC_C_LANGUAGE_STANDARD = gnu11;
				GCC_DYNAMIC_NO_PIC = NO;
				GCC_NO_COMMON_BLOCKS = YES;
				GCC_OPTIMIZATION_LEVEL = 0;
				GCC_PREPROCESSOR_DEFINITIONS = (
					"$(inherited)",
					"DEBUG=1",
				);
				GCC_WARN_64_TO_32_BIT_CONVERSION = YES;
				GCC_WARN_ABOUT_RETURN_TYPE = YES_ERROR;
				GCC_WARN_UNDECLARED_SELECTOR = YES;
				GCC_WARN_UNINITIALIZED_AUTOS = YES_AGGRESSIVE;
				GCC_WARN_UNUSED_FUNCTION = YES;
				GCC_WARN_UNUSED_VARIABLE = YES;
				MTL_ENABLE_DEBUG_INFO = YES;
				ONLY_ACTIVE_ARCH = YES;
				PRODUCT_NAME = "$(TARGET_NAME)";
				SDKROOT = iphoneos;
				SWIFT_ACTIVE_COMPILATION_CONDITIONS = DEBUG;
				SWIFT_OPTIMIZATION_LEVEL = "-Onone";
				SWIFT_VERSION = 5.0;
			};
			name = Debug;
		};
		A0B16F508361276302BFEF07 /* Debug */ = {
			isa = XCBuildConfiguration;
			buildSettings = {
				INFOPLIST_FILE = "Sources/Static/Resources-Info.plist";
				LD_RUNPATH_SEARCH_PATHS = (
					"$(inherited)",
					"@executable_path/Frameworks",
				);
				PRODUCT_BUNDLE_IDENTIFIER = org.diez.TargetTestStub.Static;
				SDKROOT = iphoneos;
				TARGETED_DEVICE_FAMILY = "1,2";
			};
			name = Debug;
		};
		BA722F26D05F279C44A3934E /* Release */ = {
			isa = XCBuildConfiguration;
			buildSettings = {
				ALWAYS_SEARCH_USER_PATHS = NO;
				CLANG_ANALYZER_NONNULL = YES;
				CLANG_ANALYZER_NUMBER_OBJECT_CONVERSION = YES_AGGRESSIVE;
				CLANG_CXX_LANGUAGE_STANDARD = "gnu++14";
				CLANG_CXX_LIBRARY = "libc++";
				CLANG_ENABLE_MODULES = YES;
				CLANG_ENABLE_OBJC_ARC = YES;
				CLANG_WARN_BLOCK_CAPTURE_AUTORELEASING = YES;
				CLANG_WARN_BOOL_CONVERSION = YES;
				CLANG_WARN_COMMA = YES;
				CLANG_WARN_CONSTANT_CONVERSION = YES;
				CLANG_WARN_DEPRECATED_OBJC_IMPLEMENTATIONS = YES;
				CLANG_WARN_DIRECT_OBJC_ISA_USAGE = YES_ERROR;
				CLANG_WARN_DOCUMENTATION_COMMENTS = YES;
				CLANG_WARN_EMPTY_BODY = YES;
				CLANG_WARN_ENUM_CONVERSION = YES;
				CLANG_WARN_INFINITE_RECURSION = YES;
				CLANG_WARN_INT_CONVERSION = YES;
				CLANG_WARN_NON_LITERAL_NULL_CONVERSION = YES;
				CLANG_WARN_OBJC_IMPLICIT_RETAIN_SELF = YES;
				CLANG_WARN_OBJC_LITERAL_CONVERSION = YES;
				CLANG_WARN_OBJC_ROOT_CLASS = YES_ERROR;
				CLANG_WARN_RANGE_LOOP_ANALYSIS = YES;
				CLANG_WARN_STRICT_PROTOTYPES = YES;
				CLANG_WARN_SUSPICIOUS_MOVE = YES;
				CLANG_WARN_UNGUARDED_AVAILABILITY = YES_AGGRESSIVE;
				CLANG_WARN_UNREACHABLE_CODE = YES;
				CLANG_WARN__DUPLICATE_METHOD_MATCH = YES;
				COPY_PHASE_STRIP = NO;
				DEBUG_INFORMATION_FORMAT = "dwarf-with-dsym";
				ENABLE_NS_ASSERTIONS = NO;
				ENABLE_STRICT_OBJC_MSGSEND = YES;
				GCC_C_LANGUAGE_STANDARD = gnu11;
				GCC_NO_COMMON_BLOCKS = YES;
				GCC_WARN_64_TO_32_BIT_CONVERSION = YES;
				GCC_WARN_ABOUT_RETURN_TYPE = YES_ERROR;
				GCC_WARN_UNDECLARED_SELECTOR = YES;
				GCC_WARN_UNINITIALIZED_AUTOS = YES_AGGRESSIVE;
				GCC_WARN_UNUSED_FUNCTION = YES;
				GCC_WARN_UNUSED_VARIABLE = YES;
				PRODUCT_NAME = "$(TARGET_NAME)";
				SDKROOT = iphoneos;
				SWIFT_COMPILATION_MODE = wholemodule;
				SWIFT_VERSION = 5.0;
				VALIDATE_PRODUCT = YES;
			};
			name = Release;
		};
		FB9BC10332ED70363E9DABE6 /* Release */ = {
			isa = XCBuildConfiguration;
			buildSettings = {
				INFOPLIST_FILE = "Sources/Static/Resources-Info.plist";
				LD_RUNPATH_SEARCH_PATHS = (
					"$(inherited)",
					"@executable_path/Frameworks",
				);
				PRODUCT_BUNDLE_IDENTIFIER = org.diez.TargetTestStub.Static;
				SDKROOT = iphoneos;
				TARGETED_DEVICE_FAMILY = "1,2";
			};
			name = Release;
		};
/* End XCBuildConfiguration section */

/* Begin XCConfigurationList section */
		19E53F962FBDF6DD22B5299D /* Build configuration list for PBXProject "DiezTargetTestStub" */ = {
			isa = XCConfigurationList;
			buildConfigurations = (
				9A908426E17849BA991691BB /* Debug */,
				BA722F26D05F279C44A3934E /* Release */,
			);
			defaultConfigurationIsVisible = 0;
			defaultConfigurationName = Debug;
		};
		1AEB1DF08EFF27B33681D21D /* Build configuration list for PBXNativeTarget "Static" */ = {
			isa = XCConfigurationList;
			buildConfigurations = (
				A0B16F508361276302BFEF07 /* Debug */,
				FB9BC10332ED70363E9DABE6 /* Release */,
			);
			defaultConfigurationIsVisible = 0;
			defaultConfigurationName = Debug;
		};
		A1D20698386802C4EF84CAAD /* Build configuration list for PBXNativeTarget "DiezTargetTestStub" */ = {
			isa = XCConfigurationList;
			buildConfigurations = (
				7B0D4383475CF74764DE4BF9 /* Debug */,
				3793D84C27D0D57F985452F1 /* Release */,
			);
			defaultConfigurationIsVisible = 0;
			defaultConfigurationName = Debug;
		};
/* End XCConfigurationList section */
	};
	rootObject = BE932CEDBB9619EDD10E5EB7 /* Project object */;
}
