PODS:
  - DiezPoodleSurf (0.1.0):
    - lottie-ios (~> 2.5.2)
  - lottie-ios (2.5.2)

DEPENDENCIES:
  - DiezPoodleSurf (from `../../build/diez-poodle-surf-ios`)
  - lottie-ios (= 2.5.2)

SPEC REPOS:
  https://github.com/cocoapods/specs.git:
    - lottie-ios

EXTERNAL SOURCES:
  DiezPoodleSurf:
    :path: "../../build/diez-poodle-surf-ios"

SPEC CHECKSUMS:
  DiezPoodleSurf: 86c1d7aa84dc357c559dd3564633a55d0d3c8403
  lottie-ios: 3fef45d3fabe63e3c7c2eb603dd64ddfffc73062

PODFILE CHECKSUM: d1516643ba0c111d1e67198e6bf75ecfa9ac807b

COCOAPODS: 1.6.1
