PODS:
  - Diez (1.0.0-alpha0):
    - lottie-ios (~> 2.5.2)
  - lottie-ios (2.5.2)

DEPENDENCIES:
  - Diez (from `./Diez`)
  - lottie-ios

SPEC REPOS:
  https://github.com/cocoapods/specs.git:
    - lottie-ios

EXTERNAL SOURCES:
  Diez:
    :path: "./Diez"

SPEC CHECKSUMS:
  Diez: 2ef68b64efd5ae5548345f7228e9a2d7bdc85aa4
  lottie-ios: 3fef45d3fabe63e3c7c2eb603dd64ddfffc73062

PODFILE CHECKSUM: a7f134adf013ab16ce744504cce616f5cdc8acd9

COCOAPODS: 1.6.1
