// !$*UTF8*$!
{
	archiveVersion = 1;
	classes = {
	};
	objectVersion = 50;
	objects = {

/* Begin PBXBuildFile section */
		21D3ADA0220230C600118420 /* AppDelegate.swift in Sources */ = {isa = PBXBuildFile; fileRef = 21D3AD9F220230C600118420 /* AppDelegate.swift */; };
		21D3ADA2220230C600118420 /* ViewController.swift in Sources */ = {isa = PBXBuildFile; fileRef = 21D3ADA1220230C600118420 /* ViewController.swift */; };
		21D3ADA5220230C600118420 /* Main.storyboard in Resources */ = {isa = PBXBuildFile; fileRef = 21D3ADA3220230C600118420 /* Main.storyboard */; };
		21D3ADA7220230C600118420 /* Assets.xcassets in Resources */ = {isa = PBXBuildFile; fileRef = 21D3ADA6220230C600118420 /* Assets.xcassets */; };
		21D3ADAA220230C600118420 /* LaunchScreen.storyboard in Resources */ = {isa = PBXBuildFile; fileRef = 21D3ADA8220230C600118420 /* LaunchScreen.storyboard */; };
		21F1288E2290FED9006F164B /* DiezPlayground.framework in Frameworks */ = {isa = PBXBuildFile; fileRef = 21F1288D2290FED9006F164B /* DiezPlayground.framework */; };
		4668B5D9227B9F9600BB9213 /* Lottie.framework in Frameworks */ = {isa = PBXBuildFile; fileRef = 4668B5D7227B9F9600BB9213 /* Lottie.framework */; };
/* End PBXBuildFile section */

/* Begin PBXCopyFilesBuildPhase section */
		214EE4D6220BBD540058E6BE /* Embed Frameworks */ = {
			isa = PBXCopyFilesBuildPhase;
			buildActionMask = 2147483647;
			dstPath = "";
			dstSubfolderSpec = 10;
			files = (
			);
			name = "Embed Frameworks";
			runOnlyForDeploymentPostprocessing = 0;
		};
/* End PBXCopyFilesBuildPhase section */

/* Begin PBXFileReference section */
		21D3AD9C220230C600118420 /* HelloMyStateBag.app */ = {isa = PBXFileReference; explicitFileType = wrapper.application; includeInIndex = 0; path = HelloMyStateBag.app; sourceTree = BUILT_PRODUCTS_DIR; };
		21D3AD9F220230C600118420 /* AppDelegate.swift */ = {isa = PBXFileReference; lastKnownFileType = sourcecode.swift; path = AppDelegate.swift; sourceTree = "<group>"; };
		21D3ADA1220230C600118420 /* ViewController.swift */ = {isa = PBXFileReference; lastKnownFileType = sourcecode.swift; path = ViewController.swift; sourceTree = "<group>"; };
		21D3ADA4220230C600118420 /* Base */ = {isa = PBXFileReference; lastKnownFileType = file.storyboard; name = Base; path = Base.lproj/Main.storyboard; sourceTree = "<group>"; };
		21D3ADA6220230C600118420 /* Assets.xcassets */ = {isa = PBXFileReference; lastKnownFileType = folder.assetcatalog; path = Assets.xcassets; sourceTree = "<group>"; };
		21D3ADA9220230C600118420 /* Base */ = {isa = PBXFileReference; lastKnownFileType = file.storyboard; name = Base; path = Base.lproj/LaunchScreen.storyboard; sourceTree = "<group>"; };
		21D3ADAB220230C600118420 /* Info.plist */ = {isa = PBXFileReference; lastKnownFileType = text.plist.xml; path = Info.plist; sourceTree = "<group>"; };
		21F1288D2290FED9006F164B /* DiezPlayground.framework */ = {isa = PBXFileReference; lastKnownFileType = wrapper.framework; name = DiezPlayground.framework; path = Carthage/Build/iOS/DiezPlayground.framework; sourceTree = "<group>"; };
		4668B5D7227B9F9600BB9213 /* Lottie.framework */ = {isa = PBXFileReference; lastKnownFileType = wrapper.framework; name = Lottie.framework; path = Carthage/Build/iOS/Lottie.framework; sourceTree = "<group>"; };
/* End PBXFileReference section */

/* Begin PBXFrameworksBuildPhase section */
		21D3AD99220230C600118420 /* Frameworks */ = {
			isa = PBXFrameworksBuildPhase;
			buildActionMask = 2147483647;
			files = (
				4668B5D9227B9F9600BB9213 /* Lottie.framework in Frameworks */,
				21F1288E2290FED9006F164B /* DiezPlayground.framework in Frameworks */,
			);
			runOnlyForDeploymentPostprocessing = 0;
		};
/* End PBXFrameworksBuildPhase section */

/* Begin PBXGroup section */
		21D3AD93220230C500118420 = {
			isa = PBXGroup;
			children = (
				21D3AD9E220230C600118420 /* HelloMyStateBag */,
				4668B5D4227B9F6700BB9213 /* Carthage */,
				21D3AD9D220230C600118420 /* Products */,
			);
			sourceTree = "<group>";
		};
		21D3AD9D220230C600118420 /* Products */ = {
			isa = PBXGroup;
			children = (
				21D3AD9C220230C600118420 /* HelloMyStateBag.app */,
			);
			name = Products;
			sourceTree = "<group>";
		};
		21D3AD9E220230C600118420 /* HelloMyStateBag */ = {
			isa = PBXGroup;
			children = (
				21D3AD9F220230C600118420 /* AppDelegate.swift */,
				21D3ADA1220230C600118420 /* ViewController.swift */,
				21D3ADA3220230C600118420 /* Main.storyboard */,
				21D3ADA6220230C600118420 /* Assets.xcassets */,
				21D3ADA8220230C600118420 /* LaunchScreen.storyboard */,
				21D3ADAB220230C600118420 /* Info.plist */,
			);
			path = HelloMyStateBag;
			sourceTree = "<group>";
		};
		4668B5D4227B9F6700BB9213 /* Carthage */ = {
			isa = PBXGroup;
			children = (
				4668B5D5227B9F6D00BB9213 /* iOS */,
			);
			name = Carthage;
			sourceTree = "<group>";
		};
		4668B5D5227B9F6D00BB9213 /* iOS */ = {
			isa = PBXGroup;
			children = (
				21F1288D2290FED9006F164B /* DiezPlayground.framework */,
				4668B5D7227B9F9600BB9213 /* Lottie.framework */,
			);
			name = iOS;
			sourceTree = "<group>";
		};
/* End PBXGroup section */

/* Begin PBXNativeTarget section */
		21D3AD9B220230C600118420 /* HelloMyStateBag */ = {
			isa = PBXNativeTarget;
			buildConfigurationList = 21D3ADB9220230C600118420 /* Build configuration list for PBXNativeTarget "HelloMyStateBag" */;
			buildPhases = (
				21D3AD98220230C600118420 /* Sources */,
				21D3AD99220230C600118420 /* Frameworks */,
				21D3AD9A220230C600118420 /* Resources */,
				214EE4D6220BBD540058E6BE /* Embed Frameworks */,
				4668B5DB227B9FC600BB9213 /* Copy Carthage Frameworks */,
				4668B5DF227CCFD200BB9213 /* Enable Hot Mode */,
			);
			buildRules = (
			);
			dependencies = (
			);
			name = HelloMyStateBag;
			productName = HelloMyStateBag;
			productReference = 21D3AD9C220230C600118420 /* HelloMyStateBag.app */;
			productType = "com.apple.product-type.application";
		};
/* End PBXNativeTarget section */

/* Begin PBXProject section */
		21D3AD94220230C500118420 /* Project object */ = {
			isa = PBXProject;
			attributes = {
				LastSwiftUpdateCheck = 1010;
				LastUpgradeCheck = 1010;
				ORGANIZATIONNAME = Haiku;
				TargetAttributes = {
					21D3AD9B220230C600118420 = {
						CreatedOnToolsVersion = 10.1;
						LastSwiftMigration = 1020;
					};
				};
			};
			buildConfigurationList = 21D3AD97220230C500118420 /* Build configuration list for PBXProject "HelloMyStateBag" */;
			compatibilityVersion = "Xcode 9.3";
			developmentRegion = en;
			hasScannedForEncodings = 0;
			knownRegions = (
				en,
				Base,
			);
			mainGroup = 21D3AD93220230C500118420;
			productRefGroup = 21D3AD9D220230C600118420 /* Products */;
			projectDirPath = "";
			projectRoot = "";
			targets = (
				21D3AD9B220230C600118420 /* HelloMyStateBag */,
			);
		};
/* End PBXProject section */

/* Begin PBXResourcesBuildPhase section */
		21D3AD9A220230C600118420 /* Resources */ = {
			isa = PBXResourcesBuildPhase;
			buildActionMask = 2147483647;
			files = (
				21D3ADAA220230C600118420 /* LaunchScreen.storyboard in Resources */,
				21D3ADA7220230C600118420 /* Assets.xcassets in Resources */,
				21D3ADA5220230C600118420 /* Main.storyboard in Resources */,
			);
			runOnlyForDeploymentPostprocessing = 0;
		};
/* End PBXResourcesBuildPhase section */

/* Begin PBXShellScriptBuildPhase section */
		4668B5DB227B9FC600BB9213 /* Copy Carthage Frameworks */ = {
			isa = PBXShellScriptBuildPhase;
			buildActionMask = 2147483647;
			files = (
			);
			inputFileListPaths = (
			);
			inputPaths = (
				"$(SRCROOT)/Carthage/Build/iOS/DiezPlayground.framework",
				"$(SRCROOT)/Carthage/Build/iOS/Lottie.framework",
			);
			name = "Copy Carthage Frameworks";
			outputFileListPaths = (
			);
			outputPaths = (
				"$(BUILT_PRODUCTS_DIR)/$(FRAMEWORKS_FOLDER_PATH)/DiezPlayground.framework",
				"$(BUILT_PRODUCTS_DIR)/$(FRAMEWORKS_FOLDER_PATH)/Lottie.framework",
			);
			runOnlyForDeploymentPostprocessing = 0;
			shellPath = /bin/sh;
			shellScript = "/usr/local/bin/carthage copy-frameworks\n";
		};
		4668B5DF227CCFD200BB9213 /* Enable Hot Mode */ = {
			isa = PBXShellScriptBuildPhase;
			buildActionMask = 2147483647;
			files = (
			);
			inputFileListPaths = (
			);
			inputPaths = (
			);
			name = "Enable Hot Mode";
			outputFileListPaths = (
			);
			outputPaths = (
			);
			runOnlyForDeploymentPostprocessing = 0;
			shellPath = /bin/sh;
			shellScript = "$SRCROOT/scripts/update-plist.sh\n";
		};
/* End PBXShellScriptBuildPhase section */

/* Begin PBXSourcesBuildPhase section */
		21D3AD98220230C600118420 /* Sources */ = {
			isa = PBXSourcesBuildPhase;
			buildActionMask = 2147483647;
			files = (
				21D3ADA2220230C600118420 /* ViewController.swift in Sources */,
				21D3ADA0220230C600118420 /* AppDelegate.swift in Sources */,
			);
			runOnlyForDeploymentPostprocessing = 0;
		};
/* End PBXSourcesBuildPhase section */

/* Begin PBXVariantGroup section */
		21D3ADA3220230C600118420 /* Main.storyboard */ = {
			isa = PBXVariantGroup;
			children = (
				21D3ADA4220230C600118420 /* Base */,
			);
			name = Main.storyboard;
			sourceTree = "<group>";
		};
		21D3ADA8220230C600118420 /* LaunchScreen.storyboard */ = {
			isa = PBXVariantGroup;
			children = (
				21D3ADA9220230C600118420 /* Base */,
			);
			name = LaunchScreen.storyboard;
			sourceTree = "<group>";
		};
/* End PBXVariantGroup section */

/* Begin XCBuildConfiguration section */
		21D3ADB7220230C600118420 /* Debug */ = {
			isa = XCBuildConfiguration;
			buildSettings = {
				ALWAYS_EMBED_SWIFT_STANDARD_LIBRARIES = YES;
				ALWAYS_SEARCH_USER_PATHS = NO;
				CLANG_ANALYZER_NONNULL = YES;
				CLANG_ANALYZER_NUMBER_OBJECT_CONVERSION = YES_AGGRESSIVE;
				CLANG_CXX_LANGUAGE_STANDARD = "gnu++14";
				CLANG_CXX_LIBRARY = "libc++";
				CLANG_ENABLE_MODULES = YES;
				CLANG_ENABLE_OBJC_ARC = YES;
				CLANG_ENABLE_OBJC_WEAK = YES;
				CLANG_WARN_BLOCK_CAPTURE_AUTORELEASING = YES;
				CLANG_WARN_BOOL_CONVERSION = YES;
				CLANG_WARN_COMMA = YES;
				CLANG_WARN_CONSTANT_CONVERSION = YES;
				CLANG_WARN_DEPRECATED_OBJC_IMPLEMENTATIONS = YES;
				CLANG_WARN_DIRECT_OBJC_ISA_USAGE = YES_ERROR;
				CLANG_WARN_DOCUMENTATION_COMMENTS = YES;
				CLANG_WARN_EMPTY_BODY = YES;
				CLANG_WARN_ENUM_CONVERSION = YES;
				CLANG_WARN_INFINITE_RECURSION = YES;
				CLANG_WARN_INT_CONVERSION = YES;
				CLANG_WARN_NON_LITERAL_NULL_CONVERSION = YES;
				CLANG_WARN_OBJC_IMPLICIT_RETAIN_SELF = YES;
				CLANG_WARN_OBJC_LITERAL_CONVERSION = YES;
				CLANG_WARN_OBJC_ROOT_CLASS = YES_ERROR;
				CLANG_WARN_RANGE_LOOP_ANALYSIS = YES;
				CLANG_WARN_STRICT_PROTOTYPES = YES;
				CLANG_WARN_SUSPICIOUS_MOVE = YES;
				CLANG_WARN_UNGUARDED_AVAILABILITY = YES_AGGRESSIVE;
				CLANG_WARN_UNREACHABLE_CODE = YES;
				CLANG_WARN__DUPLICATE_METHOD_MATCH = YES;
				CODE_SIGN_IDENTITY = "iPhone Developer";
				COPY_PHASE_STRIP = NO;
				DEBUG_INFORMATION_FORMAT = dwarf;
				ENABLE_STRICT_OBJC_MSGSEND = YES;
				ENABLE_TESTABILITY = YES;
				GCC_C_LANGUAGE_STANDARD = gnu11;
				GCC_DYNAMIC_NO_PIC = NO;
				GCC_NO_COMMON_BLOCKS = YES;
				GCC_OPTIMIZATION_LEVEL = 0;
				GCC_PREPROCESSOR_DEFINITIONS = (
					"DEBUG=1",
					"$(inherited)",
				);
				GCC_WARN_64_TO_32_BIT_CONVERSION = YES;
				GCC_WARN_ABOUT_RETURN_TYPE = YES_ERROR;
				GCC_WARN_UNDECLARED_SELECTOR = YES;
				GCC_WARN_UNINITIALIZED_AUTOS = YES_AGGRESSIVE;
				GCC_WARN_UNUSED_FUNCTION = YES;
				GCC_WARN_UNUSED_VARIABLE = YES;
				IPHONEOS_DEPLOYMENT_TARGET = 12.2;
				MTL_ENABLE_DEBUG_INFO = INCLUDE_SOURCE;
				MTL_FAST_MATH = YES;
				ONLY_ACTIVE_ARCH = YES;
				SDKROOT = iphoneos;
				SWIFT_ACTIVE_COMPILATION_CONDITIONS = DEBUG;
				SWIFT_OPTIMIZATION_LEVEL = "-Onone";
			};
			name = Debug;
		};
		21D3ADB8220230C600118420 /* Release */ = {
			isa = XCBuildConfiguration;
			buildSettings = {
				ALWAYS_EMBED_SWIFT_STANDARD_LIBRARIES = YES;
				ALWAYS_SEARCH_USER_PATHS = NO;
				CLANG_ANALYZER_NONNULL = YES;
				CLANG_ANALYZER_NUMBER_OBJECT_CONVERSION = YES_AGGRESSIVE;
				CLANG_CXX_LANGUAGE_STANDARD = "gnu++14";
				CLANG_CXX_LIBRARY = "libc++";
				CLANG_ENABLE_MODULES = YES;
				CLANG_ENABLE_OBJC_ARC = YES;
				CLANG_ENABLE_OBJC_WEAK = YES;
				CLANG_WARN_BLOCK_CAPTURE_AUTORELEASING = YES;
				CLANG_WARN_BOOL_CONVERSION = YES;
				CLANG_WARN_COMMA = YES;
				CLANG_WARN_CONSTANT_CONVERSION = YES;
				CLANG_WARN_DEPRECATED_OBJC_IMPLEMENTATIONS = YES;
				CLANG_WARN_DIRECT_OBJC_ISA_USAGE = YES_ERROR;
				CLANG_WARN_DOCUMENTATION_COMMENTS = YES;
				CLANG_WARN_EMPTY_BODY = YES;
				CLANG_WARN_ENUM_CONVERSION = YES;
				CLANG_WARN_INFINITE_RECURSION = YES;
				CLANG_WARN_INT_CONVERSION = YES;
				CLANG_WARN_NON_LITERAL_NULL_CONVERSION = YES;
				CLANG_WARN_OBJC_IMPLICIT_RETAIN_SELF = YES;
				CLANG_WARN_OBJC_LITERAL_CONVERSION = YES;
				CLANG_WARN_OBJC_ROOT_CLASS = YES_ERROR;
				CLANG_WARN_RANGE_LOOP_ANALYSIS = YES;
				CLANG_WARN_STRICT_PROTOTYPES = YES;
				CLANG_WARN_SUSPICIOUS_MOVE = YES;
				CLANG_WARN_UNGUARDED_AVAILABILITY = YES_AGGRESSIVE;
				CLANG_WARN_UNREACHABLE_CODE = YES;
				CLANG_WARN__DUPLICATE_METHOD_MATCH = YES;
				CODE_SIGN_IDENTITY = "iPhone Developer";
				COPY_PHASE_STRIP = NO;
				DEBUG_INFORMATION_FORMAT = "dwarf-with-dsym";
				ENABLE_NS_ASSERTIONS = NO;
				ENABLE_STRICT_OBJC_MSGSEND = YES;
				GCC_C_LANGUAGE_STANDARD = gnu11;
				GCC_NO_COMMON_BLOCKS = YES;
				GCC_WARN_64_TO_32_BIT_CONVERSION = YES;
				GCC_WARN_ABOUT_RETURN_TYPE = YES_ERROR;
				GCC_WARN_UNDECLARED_SELECTOR = YES;
				GCC_WARN_UNINITIALIZED_AUTOS = YES_AGGRESSIVE;
				GCC_WARN_UNUSED_FUNCTION = YES;
				GCC_WARN_UNUSED_VARIABLE = YES;
				IPHONEOS_DEPLOYMENT_TARGET = 12.2;
				MTL_ENABLE_DEBUG_INFO = NO;
				MTL_FAST_MATH = YES;
				SDKROOT = iphoneos;
				SWIFT_COMPILATION_MODE = wholemodule;
				SWIFT_OPTIMIZATION_LEVEL = "-O";
				VALIDATE_PRODUCT = YES;
			};
			name = Release;
		};
		21D3ADBA220230C600118420 /* Debug */ = {
			isa = XCBuildConfiguration;
			buildSettings = {
				ASSETCATALOG_COMPILER_APPICON_NAME = AppIcon;
				CODE_SIGN_STYLE = Automatic;
				DEVELOPMENT_TEAM = TWM39MH96F;
				FRAMEWORK_SEARCH_PATHS = (
					"$(inherited)",
					"$(PROJECT_DIR)",
					"$(PROJECT_DIR)/Carthage/Build/iOS",
				);
				INFOPLIST_FILE = HelloMyStateBag/Info.plist;
				LD_RUNPATH_SEARCH_PATHS = (
					"$(inherited)",
					"@executable_path/Frameworks",
				);
				PRODUCT_BUNDLE_IDENTIFIER = ai.haiku.HelloMyStateBag;
				PRODUCT_NAME = "$(TARGET_NAME)";
				SWIFT_VERSION = 5.0;
				TARGETED_DEVICE_FAMILY = "1,2";
			};
			name = Debug;
		};
		21D3ADBB220230C600118420 /* Release */ = {
			isa = XCBuildConfiguration;
			buildSettings = {
				ASSETCATALOG_COMPILER_APPICON_NAME = AppIcon;
				CODE_SIGN_STYLE = Automatic;
				DEVELOPMENT_TEAM = TWM39MH96F;
				FRAMEWORK_SEARCH_PATHS = (
					"$(inherited)",
					"$(PROJECT_DIR)",
					"$(PROJECT_DIR)/Carthage/Build/iOS",
				);
				INFOPLIST_FILE = HelloMyStateBag/Info.plist;
				LD_RUNPATH_SEARCH_PATHS = (
					"$(inherited)",
					"@executable_path/Frameworks",
				);
				PRODUCT_BUNDLE_IDENTIFIER = ai.haiku.HelloMyStateBag;
				PRODUCT_NAME = "$(TARGET_NAME)";
				SWIFT_VERSION = 5.0;
				TARGETED_DEVICE_FAMILY = "1,2";
			};
			name = Release;
		};
/* End XCBuildConfiguration section */

/* Begin XCConfigurationList section */
		21D3AD97220230C500118420 /* Build configuration list for PBXProject "HelloMyStateBag" */ = {
			isa = XCConfigurationList;
			buildConfigurations = (
				21D3ADB7220230C600118420 /* Debug */,
				21D3ADB8220230C600118420 /* Release */,
			);
			defaultConfigurationIsVisible = 0;
			defaultConfigurationName = Release;
		};
		21D3ADB9220230C600118420 /* Build configuration list for PBXNativeTarget "HelloMyStateBag" */ = {
			isa = XCConfigurationList;
			buildConfigurations = (
				21D3ADBA220230C600118420 /* Debug */,
				21D3ADBB220230C600118420 /* Release */,
			);
			defaultConfigurationIsVisible = 0;
			defaultConfigurationName = Release;
		};
/* End XCConfigurationList section */
	};
	rootObject = 21D3AD94220230C500118420 /* Project object */;
}
