// !$*UTF8*$!
{
	archiveVersion = 1;
	classes = {
	};
	objectVersion = 50;
	objects = {

/* Begin PBXAggregateTarget section */
		21FF0D7521FAD15E000B79A5 /* Diez-Universal */ = {
			isa = PBXAggregateTarget;
			buildConfigurationList = 21FF0D7621FAD15F000B79A5 /* Build configuration list for PBXAggregateTarget "Diez-Universal" */;
			buildPhases = (
				21FF0D7921FAD182000B79A5 /* ShellScript */,
			);
			dependencies = (
			);
			name = "Diez-Universal";
			productName = "Diez-Universal";
		};
/* End PBXAggregateTarget section */

/* Begin PBXBuildFile section */
		213FEC3021FA93ED00D06251 /* Diez.h in Headers */ = {isa = PBXBuildFile; fileRef = 213FEC2221FA93ED00D06251 /* Diez.h */; settings = {ATTRIBUTES = (Public, ); }; };
		213FEC3A21FA93FC00D06251 /* Diez.swift in Sources */ = {isa = PBXBuildFile; fileRef = 213FEC3921FA93FC00D06251 /* Diez.swift */; };
		214EE49F220B806C0058E6BE /* Environment.swift in Sources */ = {isa = PBXBuildFile; fileRef = 214EE49E220B806C0058E6BE /* Environment.swift */; };
		214EE4E9220CE5B00058E6BE /* File.swift in Sources */ = {isa = PBXBuildFile; fileRef = 214EE4E8220CE5B00058E6BE /* File.swift */; };
		214EE4EC220CEAAD0058E6BE /* Image.swift in Sources */ = {isa = PBXBuildFile; fileRef = 214EE4EB220CEAAD0058E6BE /* Image.swift */; };
		214EE4EF220CFFED0058E6BE /* TextStyle.swift in Sources */ = {isa = PBXBuildFile; fileRef = 214EE4EE220CFFED0058E6BE /* TextStyle.swift */; };
		21B495882200245900E8640A /* Serialization.swift in Sources */ = {isa = PBXBuildFile; fileRef = 21B495872200245900E8640A /* Serialization.swift */; };
		21D3ADCB2208B28700118420 /* MyStateBag.swift in Sources */ = {isa = PBXBuildFile; fileRef = 21D3ADCA2208B28700118420 /* MyStateBag.swift */; };
		21F37AD12213740300C4CC13 /* Haiku.swift in Sources */ = {isa = PBXBuildFile; fileRef = 21F37AD02213740300C4CC13 /* Haiku.swift */; };
		21FF0D8421FED3D3000B79A5 /* Color.swift in Sources */ = {isa = PBXBuildFile; fileRef = 21FF0D8321FED3D3000B79A5 /* Color.swift */; };
/* End PBXBuildFile section */

/* Begin PBXFileReference section */
		213FEC1F21FA93ED00D06251 /* Diez.framework */ = {isa = PBXFileReference; explicitFileType = wrapper.framework; includeInIndex = 0; path = Diez.framework; sourceTree = BUILT_PRODUCTS_DIR; };
		213FEC2221FA93ED00D06251 /* Diez.h */ = {isa = PBXFileReference; lastKnownFileType = sourcecode.c.h; path = Diez.h; sourceTree = "<group>"; };
		213FEC2321FA93ED00D06251 /* Info.plist */ = {isa = PBXFileReference; lastKnownFileType = text.plist.xml; path = Info.plist; sourceTree = "<group>"; };
		213FEC3921FA93FC00D06251 /* Diez.swift */ = {isa = PBXFileReference; lastKnownFileType = sourcecode.swift; path = Diez.swift; sourceTree = "<group>"; };
		214EE49E220B806C0058E6BE /* Environment.swift */ = {isa = PBXFileReference; lastKnownFileType = sourcecode.swift; path = Environment.swift; sourceTree = "<group>"; };
		214EE4E8220CE5B00058E6BE /* File.swift */ = {isa = PBXFileReference; lastKnownFileType = sourcecode.swift; path = File.swift; sourceTree = "<group>"; };
		214EE4EB220CEAAD0058E6BE /* Image.swift */ = {isa = PBXFileReference; lastKnownFileType = sourcecode.swift; path = Image.swift; sourceTree = "<group>"; };
		214EE4EE220CFFED0058E6BE /* TextStyle.swift */ = {isa = PBXFileReference; lastKnownFileType = sourcecode.swift; path = TextStyle.swift; sourceTree = "<group>"; };
		21B495872200245900E8640A /* Serialization.swift */ = {isa = PBXFileReference; lastKnownFileType = sourcecode.swift; path = Serialization.swift; sourceTree = "<group>"; };
		21D3ADCA2208B28700118420 /* MyStateBag.swift */ = {isa = PBXFileReference; lastKnownFileType = sourcecode.swift; path = MyStateBag.swift; sourceTree = "<group>"; };
		21F37AD02213740300C4CC13 /* Haiku.swift */ = {isa = PBXFileReference; lastKnownFileType = sourcecode.swift; path = Haiku.swift; sourceTree = "<group>"; };
		21FF0D8321FED3D3000B79A5 /* Color.swift */ = {isa = PBXFileReference; lastKnownFileType = sourcecode.swift; path = Color.swift; sourceTree = "<group>"; };
/* End PBXFileReference section */

/* Begin PBXFrameworksBuildPhase section */
		213FEC1C21FA93ED00D06251 /* Frameworks */ = {
			isa = PBXFrameworksBuildPhase;
			buildActionMask = 2147483647;
			files = (
			);
			runOnlyForDeploymentPostprocessing = 0;
		};
/* End PBXFrameworksBuildPhase section */

/* Begin PBXGroup section */
		213FEC1521FA93ED00D06251 = {
			isa = PBXGroup;
			children = (
				213FEC2121FA93ED00D06251 /* Diez */,
				213FEC2021FA93ED00D06251 /* Products */,
			);
			sourceTree = "<group>";
		};
		213FEC2021FA93ED00D06251 /* Products */ = {
			isa = PBXGroup;
			children = (
				213FEC1F21FA93ED00D06251 /* Diez.framework */,
			);
			name = Products;
			sourceTree = "<group>";
		};
		213FEC2121FA93ED00D06251 /* Diez */ = {
			isa = PBXGroup;
			children = (
				21F37ACF221373FB00C4CC13 /* Haiku */,
				214EE4ED220CFFE00058E6BE /* TextStyle */,
				214EE4EA220CEAA80058E6BE /* Image */,
				214EE4E7220CE5A70058E6BE /* File */,
				21D3ADCC2208B9A900118420 /* Components */,
				21D3ADC92208B26300118420 /* Puente */,
				21FF0D8221FED3BA000B79A5 /* Color */,
				213FEC2221FA93ED00D06251 /* Diez.h */,
				213FEC2321FA93ED00D06251 /* Info.plist */,
			);
			path = Diez;
			sourceTree = "<group>";
		};
		214EE4E7220CE5A70058E6BE /* File */ = {
			isa = PBXGroup;
			children = (
				214EE4E8220CE5B00058E6BE /* File.swift */,
			);
			path = File;
			sourceTree = "<group>";
		};
		214EE4EA220CEAA80058E6BE /* Image */ = {
			isa = PBXGroup;
			children = (
				214EE4EB220CEAAD0058E6BE /* Image.swift */,
			);
			path = Image;
			sourceTree = "<group>";
		};
		214EE4ED220CFFE00058E6BE /* TextStyle */ = {
			isa = PBXGroup;
			children = (
				214EE4EE220CFFED0058E6BE /* TextStyle.swift */,
			);
			path = TextStyle;
			sourceTree = "<group>";
		};
		21D3ADC92208B26300118420 /* Puente */ = {
			isa = PBXGroup;
			children = (
				213FEC3921FA93FC00D06251 /* Diez.swift */,
				21B495872200245900E8640A /* Serialization.swift */,
				214EE49E220B806C0058E6BE /* Environment.swift */,
			);
			path = Puente;
			sourceTree = "<group>";
		};
		21D3ADCC2208B9A900118420 /* Components */ = {
			isa = PBXGroup;
			children = (
				21D3ADCA2208B28700118420 /* MyStateBag.swift */,
			);
			path = Components;
			sourceTree = "<group>";
		};
		21F37ACF221373FB00C4CC13 /* Haiku */ = {
			isa = PBXGroup;
			children = (
				21F37AD02213740300C4CC13 /* Haiku.swift */,
			);
			path = Haiku;
			sourceTree = "<group>";
		};
		21FF0D8221FED3BA000B79A5 /* Color */ = {
			isa = PBXGroup;
			children = (
				21FF0D8321FED3D3000B79A5 /* Color.swift */,
			);
			path = Color;
			sourceTree = "<group>";
		};
/* End PBXGroup section */

/* Begin PBXHeadersBuildPhase section */
		213FEC1A21FA93ED00D06251 /* Headers */ = {
			isa = PBXHeadersBuildPhase;
			buildActionMask = 2147483647;
			files = (
				213FEC3021FA93ED00D06251 /* Diez.h in Headers */,
			);
			runOnlyForDeploymentPostprocessing = 0;
		};
/* End PBXHeadersBuildPhase section */

/* Begin PBXNativeTarget section */
		213FEC1E21FA93ED00D06251 /* Diez */ = {
			isa = PBXNativeTarget;
			buildConfigurationList = 213FEC3321FA93ED00D06251 /* Build configuration list for PBXNativeTarget "Diez" */;
			buildPhases = (
				213FEC1A21FA93ED00D06251 /* Headers */,
				213FEC1B21FA93ED00D06251 /* Sources */,
				213FEC1C21FA93ED00D06251 /* Frameworks */,
				213FEC1D21FA93ED00D06251 /* Resources */,
			);
			buildRules = (
			);
			dependencies = (
			);
			name = Diez;
			productName = Diez;
			productReference = 213FEC1F21FA93ED00D06251 /* Diez.framework */;
			productType = "com.apple.product-type.framework";
		};
/* End PBXNativeTarget section */

/* Begin PBXProject section */
		213FEC1621FA93ED00D06251 /* Project object */ = {
			isa = PBXProject;
			attributes = {
				LastSwiftUpdateCheck = 1010;
				LastUpgradeCheck = 1010;
				ORGANIZATIONNAME = Haiku;
				TargetAttributes = {
					213FEC1E21FA93ED00D06251 = {
						CreatedOnToolsVersion = 10.1;
						LastSwiftMigration = 1010;
					};
					21FF0D7521FAD15E000B79A5 = {
						CreatedOnToolsVersion = 10.1;
					};
				};
			};
			buildConfigurationList = 213FEC1921FA93ED00D06251 /* Build configuration list for PBXProject "Diez" */;
			compatibilityVersion = "Xcode 9.3";
			developmentRegion = en;
			hasScannedForEncodings = 0;
			knownRegions = (
				en,
			);
			mainGroup = 213FEC1521FA93ED00D06251;
			productRefGroup = 213FEC2021FA93ED00D06251 /* Products */;
			projectDirPath = "";
			projectRoot = "";
			targets = (
				213FEC1E21FA93ED00D06251 /* Diez */,
				21FF0D7521FAD15E000B79A5 /* Diez-Universal */,
			);
		};
/* End PBXProject section */

/* Begin PBXResourcesBuildPhase section */
		213FEC1D21FA93ED00D06251 /* Resources */ = {
			isa = PBXResourcesBuildPhase;
			buildActionMask = 2147483647;
			files = (
			);
			runOnlyForDeploymentPostprocessing = 0;
		};
/* End PBXResourcesBuildPhase section */

/* Begin PBXShellScriptBuildPhase section */
		21FF0D7921FAD182000B79A5 /* ShellScript */ = {
			isa = PBXShellScriptBuildPhase;
			buildActionMask = 2147483647;
			files = (
			);
			inputFileListPaths = (
			);
			inputPaths = (
			);
			outputFileListPaths = (
			);
			outputPaths = (
			);
			runOnlyForDeploymentPostprocessing = 0;
			shellPath = /bin/sh;
			shellScript = "UNIVERSAL_OUTPUTFOLDER=${BUILD_DIR}/${CONFIGURATION}-universal\n\n# make sure the output directory exists\nmkdir -p \"${UNIVERSAL_OUTPUTFOLDER}\"\n\n# Step 1. Build Device and Simulator versions\nxcodebuild -target \"${PROJECT_NAME}\" ONLY_ACTIVE_ARCH=NO -configuration ${CONFIGURATION} -sdk iphoneos  BUILD_DIR=\"${BUILD_DIR}\" BUILD_ROOT=\"${BUILD_ROOT}\" clean build\nxcodebuild -target \"${PROJECT_NAME}\" -configuration ${CONFIGURATION} -sdk iphonesimulator ONLY_ACTIVE_ARCH=NO BUILD_DIR=\"${BUILD_DIR}\" BUILD_ROOT=\"${BUILD_ROOT}\" clean build\n\n# Step 2. Copy the framework structure (from iphoneos build) to the universal folder\ncp -R \"${BUILD_DIR}/${CONFIGURATION}-iphoneos/${PROJECT_NAME}.framework\" \"${UNIVERSAL_OUTPUTFOLDER}/\"\n\n# Step 3. Copy Swift modules from iphonesimulator build (if it exists) to the copied framework directory\nSIMULATOR_SWIFT_MODULES_DIR=\"${BUILD_DIR}/${CONFIGURATION}-iphonesimulator/${PROJECT_NAME}.framework/Modules/${PROJECT_NAME}.swiftmodule/.\"\nif [ -d \"${SIMULATOR_SWIFT_MODULES_DIR}\" ]; then\ncp -R \"${SIMULATOR_SWIFT_MODULES_DIR}\" \"${UNIVERSAL_OUTPUTFOLDER}/${PROJECT_NAME}.framework/Modules/${PROJECT_NAME}.swiftmodule\"\nfi\n\n# Step 4. Create universal binary file using lipo and place the combined executable in the copied framework directory\nlipo -create -output \"${UNIVERSAL_OUTPUTFOLDER}/${PROJECT_NAME}.framework/${PROJECT_NAME}\" \"${BUILD_DIR}/${CONFIGURATION}-iphonesimulator/${PROJECT_NAME}.framework/${PROJECT_NAME}\" \"${BUILD_DIR}/${CONFIGURATION}-iphoneos/${PROJECT_NAME}.framework/${PROJECT_NAME}\"\n\n# Step 5. Convenience step to copy the framework to the project's directory\ncp -R \"${UNIVERSAL_OUTPUTFOLDER}/${PROJECT_NAME}.framework\" \"${PROJECT_DIR}\"\n\n# Step 6. Convenience step to open the project's directory in Finder\n# open \"${PROJECT_DIR}\"\n";
		};
/* End PBXShellScriptBuildPhase section */

/* Begin PBXSourcesBuildPhase section */
		213FEC1B21FA93ED00D06251 /* Sources */ = {
			isa = PBXSourcesBuildPhase;
			buildActionMask = 2147483647;
			files = (
				214EE4EF220CFFED0058E6BE /* TextStyle.swift in Sources */,
				214EE4EC220CEAAD0058E6BE /* Image.swift in Sources */,
				213FEC3A21FA93FC00D06251 /* Diez.swift in Sources */,
				214EE4E9220CE5B00058E6BE /* File.swift in Sources */,
				21F37AD12213740300C4CC13 /* Haiku.swift in Sources */,
				21D3ADCB2208B28700118420 /* MyStateBag.swift in Sources */,
				21B495882200245900E8640A /* Serialization.swift in Sources */,
				21FF0D8421FED3D3000B79A5 /* Color.swift in Sources */,
				214EE49F220B806C0058E6BE /* Environment.swift in Sources */,
			);
			runOnlyForDeploymentPostprocessing = 0;
		};
/* End PBXSourcesBuildPhase section */

/* Begin XCBuildConfiguration section */
		213FEC3121FA93ED00D06251 /* Debug */ = {
			isa = XCBuildConfiguration;
			buildSettings = {
				ALWAYS_SEARCH_USER_PATHS = NO;
				CLANG_ANALYZER_NONNULL = YES;
				CLANG_ANALYZER_NUMBER_OBJECT_CONVERSION = YES_AGGRESSIVE;
				CLANG_CXX_LANGUAGE_STANDARD = "gnu++14";
				CLANG_CXX_LIBRARY = "libc++";
				CLANG_ENABLE_MODULES = YES;
				CLANG_ENABLE_OBJC_ARC = YES;
				CLANG_ENABLE_OBJC_WEAK = YES;
				CLANG_WARN_BLOCK_CAPTURE_AUTORELEASING = YES;
				CLANG_WARN_BOOL_CONVERSION = YES;
				CLANG_WARN_COMMA = YES;
				CLANG_WARN_CONSTANT_CONVERSION = YES;
				CLANG_WARN_DEPRECATED_OBJC_IMPLEMENTATIONS = YES;
				CLANG_WARN_DIRECT_OBJC_ISA_USAGE = YES_ERROR;
				CLANG_WARN_DOCUMENTATION_COMMENTS = YES;
				CLANG_WARN_EMPTY_BODY = YES;
				CLANG_WARN_ENUM_CONVERSION = YES;
				CLANG_WARN_INFINITE_RECURSION = YES;
				CLANG_WARN_INT_CONVERSION = YES;
				CLANG_WARN_NON_LITERAL_NULL_CONVERSION = YES;
				CLANG_WARN_OBJC_IMPLICIT_RETAIN_SELF = YES;
				CLANG_WARN_OBJC_LITERAL_CONVERSION = YES;
				CLANG_WARN_OBJC_ROOT_CLASS = YES_ERROR;
				CLANG_WARN_RANGE_LOOP_ANALYSIS = YES;
				CLANG_WARN_STRICT_PROTOTYPES = YES;
				CLANG_WARN_SUSPICIOUS_MOVE = YES;
				CLANG_WARN_UNGUARDED_AVAILABILITY = YES_AGGRESSIVE;
				CLANG_WARN_UNREACHABLE_CODE = YES;
				CLANG_WARN__DUPLICATE_METHOD_MATCH = YES;
				CODE_SIGN_IDENTITY = "iPhone Developer";
				COPY_PHASE_STRIP = NO;
				CURRENT_PROJECT_VERSION = 1;
				DEBUG_INFORMATION_FORMAT = dwarf;
				ENABLE_STRICT_OBJC_MSGSEND = YES;
				ENABLE_TESTABILITY = YES;
				GCC_C_LANGUAGE_STANDARD = gnu11;
				GCC_DYNAMIC_NO_PIC = NO;
				GCC_NO_COMMON_BLOCKS = YES;
				GCC_OPTIMIZATION_LEVEL = 0;
				GCC_PREPROCESSOR_DEFINITIONS = (
					"DEBUG=1",
					"$(inherited)",
				);
				GCC_WARN_64_TO_32_BIT_CONVERSION = YES;
				GCC_WARN_ABOUT_RETURN_TYPE = YES_ERROR;
				GCC_WARN_UNDECLARED_SELECTOR = YES;
				GCC_WARN_UNINITIALIZED_AUTOS = YES_AGGRESSIVE;
				GCC_WARN_UNUSED_FUNCTION = YES;
				GCC_WARN_UNUSED_VARIABLE = YES;
				IPHONEOS_DEPLOYMENT_TARGET = 12.1;
				MTL_ENABLE_DEBUG_INFO = INCLUDE_SOURCE;
				MTL_FAST_MATH = YES;
				ONLY_ACTIVE_ARCH = YES;
				SDKROOT = iphoneos;
				SWIFT_ACTIVE_COMPILATION_CONDITIONS = DEBUG;
				SWIFT_OPTIMIZATION_LEVEL = "-Onone";
				VERSIONING_SYSTEM = "apple-generic";
				VERSION_INFO_PREFIX = "";
			};
			name = Debug;
		};
		213FEC3221FA93ED00D06251 /* Release */ = {
			isa = XCBuildConfiguration;
			buildSettings = {
				ALWAYS_SEARCH_USER_PATHS = NO;
				CLANG_ANALYZER_NONNULL = YES;
				CLANG_ANALYZER_NUMBER_OBJECT_CONVERSION = YES_AGGRESSIVE;
				CLANG_CXX_LANGUAGE_STANDARD = "gnu++14";
				CLANG_CXX_LIBRARY = "libc++";
				CLANG_ENABLE_MODULES = YES;
				CLANG_ENABLE_OBJC_ARC = YES;
				CLANG_ENABLE_OBJC_WEAK = YES;
				CLANG_WARN_BLOCK_CAPTURE_AUTORELEASING = YES;
				CLANG_WARN_BOOL_CONVERSION = YES;
				CLANG_WARN_COMMA = YES;
				CLANG_WARN_CONSTANT_CONVERSION = YES;
				CLANG_WARN_DEPRECATED_OBJC_IMPLEMENTATIONS = YES;
				CLANG_WARN_DIRECT_OBJC_ISA_USAGE = YES_ERROR;
				CLANG_WARN_DOCUMENTATION_COMMENTS = YES;
				CLANG_WARN_EMPTY_BODY = YES;
				CLANG_WARN_ENUM_CONVERSION = YES;
				CLANG_WARN_INFINITE_RECURSION = YES;
				CLANG_WARN_INT_CONVERSION = YES;
				CLANG_WARN_NON_LITERAL_NULL_CONVERSION = YES;
				CLANG_WARN_OBJC_IMPLICIT_RETAIN_SELF = YES;
				CLANG_WARN_OBJC_LITERAL_CONVERSION = YES;
				CLANG_WARN_OBJC_ROOT_CLASS = YES_ERROR;
				CLANG_WARN_RANGE_LOOP_ANALYSIS = YES;
				CLANG_WARN_STRICT_PROTOTYPES = YES;
				CLANG_WARN_SUSPICIOUS_MOVE = YES;
				CLANG_WARN_UNGUARDED_AVAILABILITY = YES_AGGRESSIVE;
				CLANG_WARN_UNREACHABLE_CODE = YES;
				CLANG_WARN__DUPLICATE_METHOD_MATCH = YES;
				CODE_SIGN_IDENTITY = "iPhone Developer";
				COPY_PHASE_STRIP = NO;
				CURRENT_PROJECT_VERSION = 1;
				DEBUG_INFORMATION_FORMAT = "dwarf-with-dsym";
				ENABLE_NS_ASSERTIONS = NO;
				ENABLE_STRICT_OBJC_MSGSEND = YES;
				GCC_C_LANGUAGE_STANDARD = gnu11;
				GCC_NO_COMMON_BLOCKS = YES;
				GCC_WARN_64_TO_32_BIT_CONVERSION = YES;
				GCC_WARN_ABOUT_RETURN_TYPE = YES_ERROR;
				GCC_WARN_UNDECLARED_SELECTOR = YES;
				GCC_WARN_UNINITIALIZED_AUTOS = YES_AGGRESSIVE;
				GCC_WARN_UNUSED_FUNCTION = YES;
				GCC_WARN_UNUSED_VARIABLE = YES;
				IPHONEOS_DEPLOYMENT_TARGET = 12.1;
				MTL_ENABLE_DEBUG_INFO = NO;
				MTL_FAST_MATH = YES;
				SDKROOT = iphoneos;
				SWIFT_COMPILATION_MODE = wholemodule;
				SWIFT_OPTIMIZATION_LEVEL = "-O";
				VALIDATE_PRODUCT = YES;
				VERSIONING_SYSTEM = "apple-generic";
				VERSION_INFO_PREFIX = "";
			};
			name = Release;
		};
		213FEC3421FA93ED00D06251 /* Debug */ = {
			isa = XCBuildConfiguration;
			buildSettings = {
				CLANG_ENABLE_MODULES = YES;
				CODE_SIGN_IDENTITY = "iPhone Developer";
				CODE_SIGN_STYLE = Automatic;
				DEFINES_MODULE = YES;
				DEVELOPMENT_TEAM = "";
				DYLIB_COMPATIBILITY_VERSION = 1;
				DYLIB_CURRENT_VERSION = 1;
				DYLIB_INSTALL_NAME_BASE = "@rpath";
				INFOPLIST_FILE = Diez/Info.plist;
				INSTALL_PATH = "$(LOCAL_LIBRARY_DIR)/Frameworks";
				LD_RUNPATH_SEARCH_PATHS = (
					"$(inherited)",
					"@executable_path/Frameworks",
					"@loader_path/Frameworks",
				);
				ONLY_ACTIVE_ARCH = NO;
				PRODUCT_BUNDLE_IDENTIFIER = ai.haiku.Diez;
				PRODUCT_NAME = "$(TARGET_NAME:c99extidentifier)";
				SKIP_INSTALL = YES;
				SWIFT_OPTIMIZATION_LEVEL = "-Onone";
				SWIFT_VERSION = 4.2;
				TARGETED_DEVICE_FAMILY = "1,2";
			};
			name = Debug;
		};
		213FEC3521FA93ED00D06251 /* Release */ = {
			isa = XCBuildConfiguration;
			buildSettings = {
				CLANG_ENABLE_MODULES = YES;
				CODE_SIGN_IDENTITY = "";
				CODE_SIGN_STYLE = Automatic;
				DEFINES_MODULE = YES;
				DEVELOPMENT_TEAM = "";
				DYLIB_COMPATIBILITY_VERSION = 1;
				DYLIB_CURRENT_VERSION = 1;
				DYLIB_INSTALL_NAME_BASE = "@rpath";
				INFOPLIST_FILE = Diez/Info.plist;
				INSTALL_PATH = "$(LOCAL_LIBRARY_DIR)/Frameworks";
				LD_RUNPATH_SEARCH_PATHS = (
					"$(inherited)",
					"@executable_path/Frameworks",
					"@loader_path/Frameworks",
				);
				ONLY_ACTIVE_ARCH = NO;
				PRODUCT_BUNDLE_IDENTIFIER = ai.haiku.Diez;
				PRODUCT_NAME = "$(TARGET_NAME:c99extidentifier)";
				SKIP_INSTALL = YES;
				SWIFT_VERSION = 4.2;
				TARGETED_DEVICE_FAMILY = "1,2";
			};
			name = Release;
		};
		21FF0D7721FAD15F000B79A5 /* Debug */ = {
			isa = XCBuildConfiguration;
			buildSettings = {
				CODE_SIGN_STYLE = Automatic;
				DEVELOPMENT_TEAM = ZSZ4K2U5UH;
				ONLY_ACTIVE_ARCH = NO;
				PRODUCT_NAME = "$(TARGET_NAME)";
			};
			name = Debug;
		};
		21FF0D7821FAD15F000B79A5 /* Release */ = {
			isa = XCBuildConfiguration;
			buildSettings = {
				CODE_SIGN_STYLE = Automatic;
				DEVELOPMENT_TEAM = ZSZ4K2U5UH;
				ONLY_ACTIVE_ARCH = NO;
				PRODUCT_NAME = "$(TARGET_NAME)";
			};
			name = Release;
		};
/* End XCBuildConfiguration section */

/* Begin XCConfigurationList section */
		213FEC1921FA93ED00D06251 /* Build configuration list for PBXProject "Diez" */ = {
			isa = XCConfigurationList;
			buildConfigurations = (
				213FEC3121FA93ED00D06251 /* Debug */,
				213FEC3221FA93ED00D06251 /* Release */,
			);
			defaultConfigurationIsVisible = 0;
			defaultConfigurationName = Release;
		};
		213FEC3321FA93ED00D06251 /* Build configuration list for PBXNativeTarget "Diez" */ = {
			isa = XCConfigurationList;
			buildConfigurations = (
				213FEC3421FA93ED00D06251 /* Debug */,
				213FEC3521FA93ED00D06251 /* Release */,
			);
			defaultConfigurationIsVisible = 0;
			defaultConfigurationName = Release;
		};
		21FF0D7621FAD15F000B79A5 /* Build configuration list for PBXAggregateTarget "Diez-Universal" */ = {
			isa = XCConfigurationList;
			buildConfigurations = (
				21FF0D7721FAD15F000B79A5 /* Debug */,
				21FF0D7821FAD15F000B79A5 /* Release */,
			);
			defaultConfigurationIsVisible = 0;
			defaultConfigurationName = Release;
		};
/* End XCConfigurationList section */
	};
	rootObject = 213FEC1621FA93ED00D06251 /* Project object */;
}
