// !$*UTF8*$!
{
	archiveVersion = 1;
	classes = {
	};
	objectVersion = 51;
	objects = {

/* Begin PBXBuildFile section */
		03D0B6A2E3DA55668EA6664AD75F0AE4 /* GradientStop.swift in Sources */ = {isa = PBXBuildFile; fileRef = E949E9B827299258D84802B7E3834119 /* GradientStop.swift */; };
		10B428EF935C9BE42B1231D9CB14CC28 /* Panel+Binding.swift in Sources */ = {isa = PBXBuildFile; fileRef = FC15B55D8F2F4960F6A269AF3C92FF7A /* Panel+Binding.swift */; };
		11262A39A1F5399BE7E4850FDE4B2A08 /* Image.swift in Sources */ = {isa = PBXBuildFile; fileRef = 050CD88A1112B7ABA92D6A38B9C36EA8 /* Image.swift */; };
		17C20BE42C73D46B33F8015D6B4D7CCB /* Lottie+AnimationView.swift in Sources */ = {isa = PBXBuildFile; fileRef = 8D07EBE543520E7C39566D3391A833CC /* Lottie+AnimationView.swift */; };
		1D984C616C0572DD4814603B151BF800 /* Color.swift in Sources */ = {isa = PBXBuildFile; fileRef = 7E9EA012604A0855E7E63B84B2408D62 /* Color.swift */; };
		25E9B39034B6420C6DE689E88854AE70 /* File.swift in Sources */ = {isa = PBXBuildFile; fileRef = 86EA7E11EAA73E1AA915711D153752E3 /* File.swift */; };
		33790A76DBB50C917790E73680499D0B /* Image+Binding.swift in Sources */ = {isa = PBXBuildFile; fileRef = 6809E53072F3CDC45B69968781C8538C /* Image+Binding.swift */; };
		33E07BB40EB0E5DD38E9E053A33D9303 /* assets in Resources */ = {isa = PBXBuildFile; fileRef = 5A31AEBB976A63336F774D50EB2C8FB9 /* assets */; };
		3B70F9D8B9FA1C70A5B119B9FFC86FBD /* Bundle+File.swift in Sources */ = {isa = PBXBuildFile; fileRef = CE413120D6C47738D111F12DF6BBD19E /* Bundle+File.swift */; };
		40F98AF42C3AB37A34E031A45E7EEAAA /* Fill.swift in Sources */ = {isa = PBXBuildFile; fileRef = 38E9DE0F68E9FFB89B576C2687022C03 /* Fill.swift */; };
		451A60A4C3B2628AD9D8D94C4AD8EA46 /* Lottie.swift in Sources */ = {isa = PBXBuildFile; fileRef = EEA599F1EC0FF4BB66DCCBAA3F5FD376 /* Lottie.swift */; };
		49DC39AB0C4929B382D59960F4364396 /* Lottie.framework in Frameworks */ = {isa = PBXBuildFile; fileRef = 760523F1B17F85A0AEAA13904429CD12 /* Lottie.framework */; };
		51F8FEF2520EEEE1231360B369C2BF9D /* Panel.swift in Sources */ = {isa = PBXBuildFile; fileRef = DA0E6A9ECB2EC2C1450EF734FA744B30 /* Panel.swift */; };
		5EE99654008886963799708FD3B2F1A5 /* Font.swift in Sources */ = {isa = PBXBuildFile; fileRef = 0A1C28B434E384D64AC554E21115DFC3 /* Font.swift */; };
		645656EB0BFE2DBDFF454540EB5A20DD /* ReflectedCustomStringConvertible.swift in Sources */ = {isa = PBXBuildFile; fileRef = 6ED6A3F71FDA026793FFA327A8C7338D /* ReflectedCustomStringConvertible.swift */; };
		6C4188CFEAD983B81E0A7138443790D3 /* Lottie+Binding.swift in Sources */ = {isa = PBXBuildFile; fileRef = C30B35C07F894CF8DD7C74AF4A4B9F57 /* Lottie+Binding.swift */; };
		70C98A40660B9CDE2892948C0BE67BE3 /* Images.xcassets in Resources */ = {isa = PBXBuildFile; fileRef = 9BC16F88FD22900484CC19027AEF0383 /* Images.xcassets */; };
		77D994028F57F318BAD8441679C0377F /* Point2D+Binding.swift in Sources */ = {isa = PBXBuildFile; fileRef = C645DB3E130585FCB555CFD9897E508C /* Point2D+Binding.swift */; };
		85316A09566D4F049F4DF9967D8824DA /* Typograph+Binding.swift in Sources */ = {isa = PBXBuildFile; fileRef = 80FCF58388497207283B55B39F3F7844 /* Typograph+Binding.swift */; };
		8B00C0D73E0E6AD642536DCD2F6AB422 /* Environment.swift in Sources */ = {isa = PBXBuildFile; fileRef = F7E8CEF705905C1BABDAFFC6D4E098F2 /* Environment.swift */; };
		9AAF130820C5673CB8E4B8CBA13CFBB6 /* Point2D.swift in Sources */ = {isa = PBXBuildFile; fileRef = D19B4E90FACAB16972F4F5E9891837B4 /* Point2D.swift */; };
		ABB06315A79EF3FE7BEC7236FD1924FB /* Color+Binding.swift in Sources */ = {isa = PBXBuildFile; fileRef = 6293217FB575538AA527B6E86E4E36B1 /* Color+Binding.swift */; };
		B50B54EC21CA94BC3605FE2D28BCDF12 /* LinearGradient+Binding.swift in Sources */ = {isa = PBXBuildFile; fileRef = 1E12282164C22DD48353063B3902E8B0 /* LinearGradient+Binding.swift */; };
		B698792B2B818CB7C78B17D8A5930CEE /* Bundle+Static.swift in Sources */ = {isa = PBXBuildFile; fileRef = 1EE69D11133A0EC016EF4E3D2331B6C7 /* Bundle+Static.swift */; };
		B814F866FC53F30F411CC2768F24E82D /* Bundle+Environment.swift in Sources */ = {isa = PBXBuildFile; fileRef = F2AEE53097A4969426CACAE259788675 /* Bundle+Environment.swift */; };
		BD70C9527221F80729306D6C05D6EF37 /* Diez.swift in Sources */ = {isa = PBXBuildFile; fileRef = C5C03EED98576DF50717ECE7D55AB9AD /* Diez.swift */; };
		BE4CD7641D2FE013E483113BC4B520AD /* File+Binding.swift in Sources */ = {isa = PBXBuildFile; fileRef = 3FD523AE6F59468EC94B7AF171398786 /* File+Binding.swift */; };
		C2AE20892EBFA1841BFE78A8794C8B81 /* Size2D+Binding.swift in Sources */ = {isa = PBXBuildFile; fileRef = 21B55E4539AFDA7B8B17FDDB821583AE /* Size2D+Binding.swift */; };
		CEE3056739EE3C38E03CFA920ECAED6E /* Bindings.swift in Sources */ = {isa = PBXBuildFile; fileRef = 30B4F6458916B047CDBBD89675CDFFE4 /* Bindings.swift */; };
		D96B72DD587DC8598792FA0E07FCF0D3 /* LinearGradient.swift in Sources */ = {isa = PBXBuildFile; fileRef = 21DD70A7098CC559A60A5ED1845A847D /* LinearGradient.swift */; };
		E3F94F8944A9E5CA85E84D672C083F01 /* Typograph.swift in Sources */ = {isa = PBXBuildFile; fileRef = CE1454421EB75F83A7C233EB9BF6F875 /* Typograph.swift */; };
		EC086ECB9999A1A0D079885489E222E0 /* Static.bundle in Resources */ = {isa = PBXBuildFile; fileRef = 209388F1C358A11F2EA60B205783F4CE /* Static.bundle */; settings = {ATTRIBUTES = (CodeSignOnCopy, RemoveHeadersOnCopy, ); }; };
		EE80E60F35C209D325749A995F74517F /* DropShadow.swift in Sources */ = {isa = PBXBuildFile; fileRef = 58E7EE2C75F18A79D657316E39730FFD /* DropShadow.swift */; };
		F19A794DBB437F5F9BC97B308515682F /* Size2D.swift in Sources */ = {isa = PBXBuildFile; fileRef = 7AD644B66AC8CF44598451D996F885E2 /* Size2D.swift */; };
		FE650E27FB6D4FCE41BCD517539E7313 /* DropShadow+Binding.swift in Sources */ = {isa = PBXBuildFile; fileRef = E876F20AFF3E3F95215F4E3226CA74ED /* DropShadow+Binding.swift */; };
/* End PBXBuildFile section */

/* Begin PBXContainerItemProxy section */
		CAFF19D26414C5AAFFB96797DF0FD122 /* PBXContainerItemProxy */ = {
			isa = PBXContainerItemProxy;
			containerPortal = BE932CEDBB9619EDD10E5EB7E7026791 /* Project object */;
			proxyType = 1;
			remoteGlobalIDString = 5C5EC872524B4FC86523A1F18A1E9B20;
			remoteInfo = Static;
		};
/* End PBXContainerItemProxy section */

/* Begin PBXFileReference section */
		050CD88A1112B7ABA92D6A38B9C36EA8 /* Image.swift */ = {isa = PBXFileReference; lastKnownFileType = sourcecode.swift; path = Image.swift; sourceTree = "<group>"; };
		0A1C28B434E384D64AC554E21115DFC3 /* Font.swift */ = {isa = PBXFileReference; lastKnownFileType = sourcecode.swift; path = Font.swift; sourceTree = "<group>"; };
		1E12282164C22DD48353063B3902E8B0 /* LinearGradient+Binding.swift */ = {isa = PBXFileReference; lastKnownFileType = sourcecode.swift; path = "LinearGradient+Binding.swift"; sourceTree = "<group>"; };
		1EE69D11133A0EC016EF4E3D2331B6C7 /* Bundle+Static.swift */ = {isa = PBXFileReference; lastKnownFileType = sourcecode.swift; path = "Bundle+Static.swift"; sourceTree = "<group>"; };
		209388F1C358A11F2EA60B205783F4CE /* Static.bundle */ = {isa = PBXFileReference; includeInIndex = 0; lastKnownFileType = "wrapper.plug-in"; path = Static.bundle; sourceTree = BUILT_PRODUCTS_DIR; };
		21B55E4539AFDA7B8B17FDDB821583AE /* Size2D+Binding.swift */ = {isa = PBXFileReference; lastKnownFileType = sourcecode.swift; path = "Size2D+Binding.swift"; sourceTree = "<group>"; };
		21DD70A7098CC559A60A5ED1845A847D /* LinearGradient.swift */ = {isa = PBXFileReference; lastKnownFileType = sourcecode.swift; path = LinearGradient.swift; sourceTree = "<group>"; };
		30B4F6458916B047CDBBD89675CDFFE4 /* Bindings.swift */ = {isa = PBXFileReference; lastKnownFileType = sourcecode.swift; path = Bindings.swift; sourceTree = "<group>"; };
		38E9DE0F68E9FFB89B576C2687022C03 /* Fill.swift */ = {isa = PBXFileReference; lastKnownFileType = sourcecode.swift; path = Fill.swift; sourceTree = "<group>"; };
		3FD523AE6F59468EC94B7AF171398786 /* File+Binding.swift */ = {isa = PBXFileReference; lastKnownFileType = sourcecode.swift; path = "File+Binding.swift"; sourceTree = "<group>"; };
		58E7EE2C75F18A79D657316E39730FFD /* DropShadow.swift */ = {isa = PBXFileReference; lastKnownFileType = sourcecode.swift; path = DropShadow.swift; sourceTree = "<group>"; };
		5A31AEBB976A63336F774D50EB2C8FB9 /* assets */ = {isa = PBXFileReference; lastKnownFileType = folder; name = assets; path = Sources/Static/assets; sourceTree = SOURCE_ROOT; };
		6293217FB575538AA527B6E86E4E36B1 /* Color+Binding.swift */ = {isa = PBXFileReference; lastKnownFileType = sourcecode.swift; path = "Color+Binding.swift"; sourceTree = "<group>"; };
		6809E53072F3CDC45B69968781C8538C /* Image+Binding.swift */ = {isa = PBXFileReference; lastKnownFileType = sourcecode.swift; path = "Image+Binding.swift"; sourceTree = "<group>"; };
		6ED6A3F71FDA026793FFA327A8C7338D /* ReflectedCustomStringConvertible.swift */ = {isa = PBXFileReference; lastKnownFileType = sourcecode.swift; path = ReflectedCustomStringConvertible.swift; sourceTree = "<group>"; };
		760523F1B17F85A0AEAA13904429CD12 /* Lottie.framework */ = {isa = PBXFileReference; lastKnownFileType = wrapper.framework; path = Lottie.framework; sourceTree = "<group>"; };
		7AD644B66AC8CF44598451D996F885E2 /* Size2D.swift */ = {isa = PBXFileReference; lastKnownFileType = sourcecode.swift; path = Size2D.swift; sourceTree = "<group>"; };
		7E9EA012604A0855E7E63B84B2408D62 /* Color.swift */ = {isa = PBXFileReference; lastKnownFileType = sourcecode.swift; path = Color.swift; sourceTree = "<group>"; };
		80FCF58388497207283B55B39F3F7844 /* Typograph+Binding.swift */ = {isa = PBXFileReference; lastKnownFileType = sourcecode.swift; path = "Typograph+Binding.swift"; sourceTree = "<group>"; };
		86EA7E11EAA73E1AA915711D153752E3 /* File.swift */ = {isa = PBXFileReference; lastKnownFileType = sourcecode.swift; path = File.swift; sourceTree = "<group>"; };
		8D07EBE543520E7C39566D3391A833CC /* Lottie+AnimationView.swift */ = {isa = PBXFileReference; lastKnownFileType = sourcecode.swift; path = "Lottie+AnimationView.swift"; sourceTree = "<group>"; };
		9BC16F88FD22900484CC19027AEF0383 /* Images.xcassets */ = {isa = PBXFileReference; lastKnownFileType = folder.assetcatalog; path = Images.xcassets; sourceTree = "<group>"; };
		A468599ABC5B0980214C95ECE961CA52 /* Info.plist */ = {isa = PBXFileReference; lastKnownFileType = text.plist.xml; path = Info.plist; sourceTree = "<group>"; };
		C30B35C07F894CF8DD7C74AF4A4B9F57 /* Lottie+Binding.swift */ = {isa = PBXFileReference; lastKnownFileType = sourcecode.swift; path = "Lottie+Binding.swift"; sourceTree = "<group>"; };
		C5C03EED98576DF50717ECE7D55AB9AD /* Diez.swift */ = {isa = PBXFileReference; lastKnownFileType = sourcecode.swift; path = Diez.swift; sourceTree = "<group>"; };
		C645DB3E130585FCB555CFD9897E508C /* Point2D+Binding.swift */ = {isa = PBXFileReference; lastKnownFileType = sourcecode.swift; path = "Point2D+Binding.swift"; sourceTree = "<group>"; };
		CE1454421EB75F83A7C233EB9BF6F875 /* Typograph.swift */ = {isa = PBXFileReference; lastKnownFileType = sourcecode.swift; path = Typograph.swift; sourceTree = "<group>"; };
		CE413120D6C47738D111F12DF6BBD19E /* Bundle+File.swift */ = {isa = PBXFileReference; lastKnownFileType = sourcecode.swift; path = "Bundle+File.swift"; sourceTree = "<group>"; };
		D19B4E90FACAB16972F4F5E9891837B4 /* Point2D.swift */ = {isa = PBXFileReference; lastKnownFileType = sourcecode.swift; path = Point2D.swift; sourceTree = "<group>"; };
		DA0E6A9ECB2EC2C1450EF734FA744B30 /* Panel.swift */ = {isa = PBXFileReference; lastKnownFileType = sourcecode.swift; path = Panel.swift; sourceTree = "<group>"; };
		E876F20AFF3E3F95215F4E3226CA74ED /* DropShadow+Binding.swift */ = {isa = PBXFileReference; lastKnownFileType = sourcecode.swift; path = "DropShadow+Binding.swift"; sourceTree = "<group>"; };
		E949E9B827299258D84802B7E3834119 /* GradientStop.swift */ = {isa = PBXFileReference; lastKnownFileType = sourcecode.swift; path = GradientStop.swift; sourceTree = "<group>"; };
		ECA687616426CD2504F240CB08E60545 /* DiezTargetTestStub.framework */ = {isa = PBXFileReference; explicitFileType = wrapper.framework; includeInIndex = 0; path = DiezTargetTestStub.framework; sourceTree = BUILT_PRODUCTS_DIR; };
		EEA599F1EC0FF4BB66DCCBAA3F5FD376 /* Lottie.swift */ = {isa = PBXFileReference; lastKnownFileType = sourcecode.swift; path = Lottie.swift; sourceTree = "<group>"; };
		F2AEE53097A4969426CACAE259788675 /* Bundle+Environment.swift */ = {isa = PBXFileReference; lastKnownFileType = sourcecode.swift; path = "Bundle+Environment.swift"; sourceTree = "<group>"; };
		F7E8CEF705905C1BABDAFFC6D4E098F2 /* Environment.swift */ = {isa = PBXFileReference; lastKnownFileType = sourcecode.swift; path = Environment.swift; sourceTree = "<group>"; };
		FC15B55D8F2F4960F6A269AF3C92FF7A /* Panel+Binding.swift */ = {isa = PBXFileReference; lastKnownFileType = sourcecode.swift; path = "Panel+Binding.swift"; sourceTree = "<group>"; };
/* End PBXFileReference section */

/* Begin PBXFrameworksBuildPhase section */
		DFF3AC675D430564C86527323E833F61 /* Frameworks */ = {
			isa = PBXFrameworksBuildPhase;
			buildActionMask = 2147483647;
			files = (
				49DC39AB0C4929B382D59960F4364396 /* Lottie.framework in Frameworks */,
			);
			runOnlyForDeploymentPostprocessing = 0;
		};
/* End PBXFrameworksBuildPhase section */

/* Begin PBXGroup section */
		20F2793E5A26967CAF4C9DDE03F62388 /* Components */ = {
			isa = PBXGroup;
			children = (
				30B4F6458916B047CDBBD89675CDFFE4 /* Bindings.swift */,
				7E9EA012604A0855E7E63B84B2408D62 /* Color.swift */,
				58E7EE2C75F18A79D657316E39730FFD /* DropShadow.swift */,
				86EA7E11EAA73E1AA915711D153752E3 /* File.swift */,
				38E9DE0F68E9FFB89B576C2687022C03 /* Fill.swift */,
				0A1C28B434E384D64AC554E21115DFC3 /* Font.swift */,
				E949E9B827299258D84802B7E3834119 /* GradientStop.swift */,
				050CD88A1112B7ABA92D6A38B9C36EA8 /* Image.swift */,
				21DD70A7098CC559A60A5ED1845A847D /* LinearGradient.swift */,
				EEA599F1EC0FF4BB66DCCBAA3F5FD376 /* Lottie.swift */,
				DA0E6A9ECB2EC2C1450EF734FA744B30 /* Panel.swift */,
				D19B4E90FACAB16972F4F5E9891837B4 /* Point2D.swift */,
				7AD644B66AC8CF44598451D996F885E2 /* Size2D.swift */,
				CE1454421EB75F83A7C233EB9BF6F875 /* Typograph.swift */,
			);
			path = Components;
			sourceTree = "<group>";
		};
		7ECD0FCF0AC4048E5F681F02CF67CE45 /* Bindings */ = {
			isa = PBXGroup;
			children = (
				CE413120D6C47738D111F12DF6BBD19E /* Bundle+File.swift */,
				6293217FB575538AA527B6E86E4E36B1 /* Color+Binding.swift */,
				E876F20AFF3E3F95215F4E3226CA74ED /* DropShadow+Binding.swift */,
				3FD523AE6F59468EC94B7AF171398786 /* File+Binding.swift */,
				6809E53072F3CDC45B69968781C8538C /* Image+Binding.swift */,
				1E12282164C22DD48353063B3902E8B0 /* LinearGradient+Binding.swift */,
				8D07EBE543520E7C39566D3391A833CC /* Lottie+AnimationView.swift */,
				C30B35C07F894CF8DD7C74AF4A4B9F57 /* Lottie+Binding.swift */,
				FC15B55D8F2F4960F6A269AF3C92FF7A /* Panel+Binding.swift */,
				C645DB3E130585FCB555CFD9897E508C /* Point2D+Binding.swift */,
				21B55E4539AFDA7B8B17FDDB821583AE /* Size2D+Binding.swift */,
				80FCF58388497207283B55B39F3F7844 /* Typograph+Binding.swift */,
			);
			path = Bindings;
			sourceTree = "<group>";
		};
		7F367FC9C0A7A07F91CCED31058CDA3F /* iOS */ = {
			isa = PBXGroup;
			children = (
				760523F1B17F85A0AEAA13904429CD12 /* Lottie.framework */,
			);
			path = iOS;
			sourceTree = "<group>";
		};
		83BB917DAB8BAEDE50ECA4D8ED6EAAB0 /* Carthage */ = {
			isa = PBXGroup;
			children = (
				7F367FC9C0A7A07F91CCED31058CDA3F /* iOS */,
			);
			name = Carthage;
			path = Carthage/Build;
			sourceTree = "<group>";
		};
		AE115C9911B97388ADE7C7524BF6A970 /* DiezTargetTestStub */ = {
			isa = PBXGroup;
			children = (
				A468599ABC5B0980214C95ECE961CA52 /* Info.plist */,
				7ECD0FCF0AC4048E5F681F02CF67CE45 /* Bindings */,
				20F2793E5A26967CAF4C9DDE03F62388 /* Components */,
				FBFF98F27E425DFDADEB40B3DC8AB909 /* Core */,
			);
			name = DiezTargetTestStub;
			path = Sources/DiezTargetTestStub;
			sourceTree = "<group>";
		};
		D323C41CC37496D05D1A9D81D98A9C6E /* Products */ = {
			isa = PBXGroup;
			children = (
				ECA687616426CD2504F240CB08E60545 /* DiezTargetTestStub.framework */,
				209388F1C358A11F2EA60B205783F4CE /* Static.bundle */,
			);
			name = Products;
			sourceTree = "<group>";
		};
		DC9AD64142C0D39ABE0248379D5EE2A0 = {
			isa = PBXGroup;
			children = (
				5A31AEBB976A63336F774D50EB2C8FB9 /* assets */,
				AE115C9911B97388ADE7C7524BF6A970 /* DiezTargetTestStub */,
				F139A66DC286571715474F2BCA7FF527 /* Static */,
				EF5DC30E87AADBE98AEFB314542052C5 /* Frameworks */,
				D323C41CC37496D05D1A9D81D98A9C6E /* Products */,
			);
			sourceTree = "<group>";
		};
		EF5DC30E87AADBE98AEFB314542052C5 /* Frameworks */ = {
			isa = PBXGroup;
			children = (
				83BB917DAB8BAEDE50ECA4D8ED6EAAB0 /* Carthage */,
			);
			name = Frameworks;
			sourceTree = "<group>";
		};
		F139A66DC286571715474F2BCA7FF527 /* Static */ = {
			isa = PBXGroup;
			children = (
				9BC16F88FD22900484CC19027AEF0383 /* Images.xcassets */,
			);
			name = Static;
			path = Sources/Static;
			sourceTree = "<group>";
		};
		FBFF98F27E425DFDADEB40B3DC8AB909 /* Core */ = {
			isa = PBXGroup;
			children = (
				F2AEE53097A4969426CACAE259788675 /* Bundle+Environment.swift */,
				1EE69D11133A0EC016EF4E3D2331B6C7 /* Bundle+Static.swift */,
				C5C03EED98576DF50717ECE7D55AB9AD /* Diez.swift */,
				F7E8CEF705905C1BABDAFFC6D4E098F2 /* Environment.swift */,
				6ED6A3F71FDA026793FFA327A8C7338D /* ReflectedCustomStringConvertible.swift */,
			);
			path = Core;
			sourceTree = "<group>";
		};
/* End PBXGroup section */

/* Begin PBXNativeTarget section */
		5C5EC872524B4FC86523A1F18A1E9B20 /* Static */ = {
			isa = PBXNativeTarget;
			buildConfigurationList = 1AEB1DF08EFF27B33681D21D039C6FFC /* Build configuration list for PBXNativeTarget "Static" */;
			buildPhases = (
				52775567B1765099D849A55A683B4759 /* Sources */,
				701D17EE64586FAD160EC8784FC44738 /* Resources */,
			);
			buildRules = (
			);
			dependencies = (
			);
			name = Static;
			productName = Static;
			productReference = 209388F1C358A11F2EA60B205783F4CE /* Static.bundle */;
			productType = "com.apple.product-type.bundle";
		};
		FB20A9D63D8652B03798D8D5D90496C0 /* DiezTargetTestStub */ = {
			isa = PBXNativeTarget;
			buildConfigurationList = A1D20698386802C4EF84CAAD31B7CA53 /* Build configuration list for PBXNativeTarget "DiezTargetTestStub" */;
			buildPhases = (
				EBD7EB776BF1771E83A67CBF1C5B6799 /* Sources */,
				BE9E17A009342C077E898A70C32B2920 /* Resources */,
				DFF3AC675D430564C86527323E833F61 /* Frameworks */,
			);
			buildRules = (
			);
			dependencies = (
				0D70565AF68F4AA446BFC378BEB13A99 /* PBXTargetDependency */,
			);
			name = DiezTargetTestStub;
			productName = DiezTargetTestStub;
			productReference = ECA687616426CD2504F240CB08E60545 /* DiezTargetTestStub.framework */;
			productType = "com.apple.product-type.framework";
		};
/* End PBXNativeTarget section */

/* Begin PBXProject section */
		BE932CEDBB9619EDD10E5EB7E7026791 /* Project object */ = {
			isa = PBXProject;
			attributes = {
				LastUpgradeCheck = 1020;
			};
			buildConfigurationList = 19E53F962FBDF6DD22B5299D99E1485C /* Build configuration list for PBXProject "DiezTargetTestStub" */;
			compatibilityVersion = "Xcode 9.3";
			developmentRegion = en;
			hasScannedForEncodings = 0;
			knownRegions = (
				en,
			);
			mainGroup = DC9AD64142C0D39ABE0248379D5EE2A0;
			projectDirPath = "";
			projectRoot = "";
			targets = (
				FB20A9D63D8652B03798D8D5D90496C0 /* DiezTargetTestStub */,
				5C5EC872524B4FC86523A1F18A1E9B20 /* Static */,
			);
		};
/* End PBXProject section */

/* Begin PBXResourcesBuildPhase section */
		701D17EE64586FAD160EC8784FC44738 /* Resources */ = {
			isa = PBXResourcesBuildPhase;
			buildActionMask = 2147483647;
			files = (
				70C98A40660B9CDE2892948C0BE67BE3 /* Images.xcassets in Resources */,
				33E07BB40EB0E5DD38E9E053A33D9303 /* assets in Resources */,
			);
			runOnlyForDeploymentPostprocessing = 0;
		};
		BE9E17A009342C077E898A70C32B2920 /* Resources */ = {
			isa = PBXResourcesBuildPhase;
			buildActionMask = 2147483647;
			files = (
				EC086ECB9999A1A0D079885489E222E0 /* Static.bundle in Resources */,
			);
			runOnlyForDeploymentPostprocessing = 0;
		};
/* End PBXResourcesBuildPhase section */

/* Begin PBXSourcesBuildPhase section */
		52775567B1765099D849A55A683B4759 /* Sources */ = {
			isa = PBXSourcesBuildPhase;
			buildActionMask = 2147483647;
			files = (
			);
			runOnlyForDeploymentPostprocessing = 0;
		};
		EBD7EB776BF1771E83A67CBF1C5B6799 /* Sources */ = {
			isa = PBXSourcesBuildPhase;
			buildActionMask = 2147483647;
			files = (
				CEE3056739EE3C38E03CFA920ECAED6E /* Bindings.swift in Sources */,
				B814F866FC53F30F411CC2768F24E82D /* Bundle+Environment.swift in Sources */,
				3B70F9D8B9FA1C70A5B119B9FFC86FBD /* Bundle+File.swift in Sources */,
				B698792B2B818CB7C78B17D8A5930CEE /* Bundle+Static.swift in Sources */,
				ABB06315A79EF3FE7BEC7236FD1924FB /* Color+Binding.swift in Sources */,
				1D984C616C0572DD4814603B151BF800 /* Color.swift in Sources */,
				BD70C9527221F80729306D6C05D6EF37 /* Diez.swift in Sources */,
				FE650E27FB6D4FCE41BCD517539E7313 /* DropShadow+Binding.swift in Sources */,
				EE80E60F35C209D325749A995F74517F /* DropShadow.swift in Sources */,
				8B00C0D73E0E6AD642536DCD2F6AB422 /* Environment.swift in Sources */,
				BE4CD7641D2FE013E483113BC4B520AD /* File+Binding.swift in Sources */,
				25E9B39034B6420C6DE689E88854AE70 /* File.swift in Sources */,
				40F98AF42C3AB37A34E031A45E7EEAAA /* Fill.swift in Sources */,
				5EE99654008886963799708FD3B2F1A5 /* Font.swift in Sources */,
				03D0B6A2E3DA55668EA6664AD75F0AE4 /* GradientStop.swift in Sources */,
				33790A76DBB50C917790E73680499D0B /* Image+Binding.swift in Sources */,
				11262A39A1F5399BE7E4850FDE4B2A08 /* Image.swift in Sources */,
				B50B54EC21CA94BC3605FE2D28BCDF12 /* LinearGradient+Binding.swift in Sources */,
				D96B72DD587DC8598792FA0E07FCF0D3 /* LinearGradient.swift in Sources */,
				17C20BE42C73D46B33F8015D6B4D7CCB /* Lottie+AnimationView.swift in Sources */,
				6C4188CFEAD983B81E0A7138443790D3 /* Lottie+Binding.swift in Sources */,
				451A60A4C3B2628AD9D8D94C4AD8EA46 /* Lottie.swift in Sources */,
				10B428EF935C9BE42B1231D9CB14CC28 /* Panel+Binding.swift in Sources */,
				51F8FEF2520EEEE1231360B369C2BF9D /* Panel.swift in Sources */,
				77D994028F57F318BAD8441679C0377F /* Point2D+Binding.swift in Sources */,
				9AAF130820C5673CB8E4B8CBA13CFBB6 /* Point2D.swift in Sources */,
				645656EB0BFE2DBDFF454540EB5A20DD /* ReflectedCustomStringConvertible.swift in Sources */,
				C2AE20892EBFA1841BFE78A8794C8B81 /* Size2D+Binding.swift in Sources */,
				F19A794DBB437F5F9BC97B308515682F /* Size2D.swift in Sources */,
				85316A09566D4F049F4DF9967D8824DA /* Typograph+Binding.swift in Sources */,
				E3F94F8944A9E5CA85E84D672C083F01 /* Typograph.swift in Sources */,
			);
			runOnlyForDeploymentPostprocessing = 0;
		};
/* End PBXSourcesBuildPhase section */

/* Begin PBXTargetDependency section */
		0D70565AF68F4AA446BFC378BEB13A99 /* PBXTargetDependency */ = {
			isa = PBXTargetDependency;
			target = 5C5EC872524B4FC86523A1F18A1E9B20 /* Static */;
			targetProxy = CAFF19D26414C5AAFFB96797DF0FD122 /* PBXContainerItemProxy */;
		};
/* End PBXTargetDependency section */

/* Begin XCBuildConfiguration section */
		3793D84C27D0D57F985452F12F490263 /* Release */ = {
			isa = XCBuildConfiguration;
			buildSettings = {
				CODE_SIGN_IDENTITY = "";
				CURRENT_PROJECT_VERSION = 1;
				DEFINES_MODULE = YES;
				DYLIB_COMPATIBILITY_VERSION = 1;
				DYLIB_CURRENT_VERSION = 1;
				DYLIB_INSTALL_NAME_BASE = "@rpath";
				FRAMEWORK_SEARCH_PATHS = (
					"$(inherited)",
					"$(PROJECT_DIR)/Carthage/Build/iOS",
				);
				INFOPLIST_FILE = Sources/DiezTargetTestStub/Info.plist;
				INSTALL_PATH = "$(LOCAL_LIBRARY_DIR)/Frameworks";
				LD_RUNPATH_SEARCH_PATHS = "$(inherited) @executable_path/Frameworks";
				PRODUCT_BUNDLE_IDENTIFIER = org.diez.TargetTestStub.DiezTargetTestStub;
				SDKROOT = iphoneos;
				SKIP_INSTALL = YES;
				TARGETED_DEVICE_FAMILY = "1,2";
				VERSIONING_SYSTEM = "apple-generic";
			};
			name = Release;
		};
		7B0D4383475CF74764DE4BF9412EB2AD /* Debug */ = {
			isa = XCBuildConfiguration;
			buildSettings = {
				CODE_SIGN_IDENTITY = "";
				CURRENT_PROJECT_VERSION = 1;
				DEFINES_MODULE = YES;
				DYLIB_COMPATIBILITY_VERSION = 1;
				DYLIB_CURRENT_VERSION = 1;
				DYLIB_INSTALL_NAME_BASE = "@rpath";
				FRAMEWORK_SEARCH_PATHS = (
					"$(inherited)",
					"$(PROJECT_DIR)/Carthage/Build/iOS",
				);
				INFOPLIST_FILE = Sources/DiezTargetTestStub/Info.plist;
				INSTALL_PATH = "$(LOCAL_LIBRARY_DIR)/Frameworks";
				LD_RUNPATH_SEARCH_PATHS = "$(inherited) @executable_path/Frameworks";
				PRODUCT_BUNDLE_IDENTIFIER = org.diez.TargetTestStub.DiezTargetTestStub;
				SDKROOT = iphoneos;
				SKIP_INSTALL = YES;
				TARGETED_DEVICE_FAMILY = "1,2";
				VERSIONING_SYSTEM = "apple-generic";
			};
			name = Debug;
		};
		9A908426E17849BA991691BB1934B1C9 /* Debug */ = {
			isa = XCBuildConfiguration;
			buildSettings = {
				ALWAYS_SEARCH_USER_PATHS = NO;
				CLANG_ANALYZER_NONNULL = YES;
				CLANG_ANALYZER_NUMBER_OBJECT_CONVERSION = YES_AGGRESSIVE;
				CLANG_CXX_LANGUAGE_STANDARD = "gnu++14";
				CLANG_CXX_LIBRARY = "libc++";
				CLANG_ENABLE_MODULES = YES;
				CLANG_ENABLE_OBJC_ARC = YES;
				CLANG_WARN_BLOCK_CAPTURE_AUTORELEASING = YES;
				CLANG_WARN_BOOL_CONVERSION = YES;
				CLANG_WARN_COMMA = YES;
				CLANG_WARN_CONSTANT_CONVERSION = YES;
				CLANG_WARN_DEPRECATED_OBJC_IMPLEMENTATIONS = YES;
				CLANG_WARN_DIRECT_OBJC_ISA_USAGE = YES_ERROR;
				CLANG_WARN_DOCUMENTATION_COMMENTS = YES;
				CLANG_WARN_EMPTY_BODY = YES;
				CLANG_WARN_ENUM_CONVERSION = YES;
				CLANG_WARN_INFINITE_RECURSION = YES;
				CLANG_WARN_INT_CONVERSION = YES;
				CLANG_WARN_NON_LITERAL_NULL_CONVERSION = YES;
				CLANG_WARN_OBJC_IMPLICIT_RETAIN_SELF = YES;
				CLANG_WARN_OBJC_LITERAL_CONVERSION = YES;
				CLANG_WARN_OBJC_ROOT_CLASS = YES_ERROR;
				CLANG_WARN_RANGE_LOOP_ANALYSIS = YES;
				CLANG_WARN_STRICT_PROTOTYPES = YES;
				CLANG_WARN_SUSPICIOUS_MOVE = YES;
				CLANG_WARN_UNGUARDED_AVAILABILITY = YES_AGGRESSIVE;
				CLANG_WARN_UNREACHABLE_CODE = YES;
				CLANG_WARN__DUPLICATE_METHOD_MATCH = YES;
				COPY_PHASE_STRIP = NO;
				DEBUG_INFORMATION_FORMAT = dwarf;
				ENABLE_STRICT_OBJC_MSGSEND = YES;
				ENABLE_TESTABILITY = YES;
				GCC_C_LANGUAGE_STANDARD = gnu11;
				GCC_DYNAMIC_NO_PIC = NO;
				GCC_NO_COMMON_BLOCKS = YES;
				GCC_OPTIMIZATION_LEVEL = 0;
				GCC_PREPROCESSOR_DEFINITIONS = (
					"$(inherited)",
					"DEBUG=1",
				);
				GCC_WARN_64_TO_32_BIT_CONVERSION = YES;
				GCC_WARN_ABOUT_RETURN_TYPE = YES_ERROR;
				GCC_WARN_UNDECLARED_SELECTOR = YES;
				GCC_WARN_UNINITIALIZED_AUTOS = YES_AGGRESSIVE;
				GCC_WARN_UNUSED_FUNCTION = YES;
				GCC_WARN_UNUSED_VARIABLE = YES;
				MTL_ENABLE_DEBUG_INFO = YES;
				ONLY_ACTIVE_ARCH = YES;
				PRODUCT_NAME = "$(TARGET_NAME)";
				SDKROOT = iphoneos;
				SWIFT_ACTIVE_COMPILATION_CONDITIONS = DEBUG;
				SWIFT_OPTIMIZATION_LEVEL = "-Onone";
				SWIFT_VERSION = 5.0;
			};
			name = Debug;
		};
		A0B16F508361276302BFEF075414A925 /* Debug */ = {
			isa = XCBuildConfiguration;
			buildSettings = {
				INFOPLIST_FILE = "Sources/Static/Resources-Info.plist";
				LD_RUNPATH_SEARCH_PATHS = "$(inherited) @executable_path/Frameworks";
				PRODUCT_BUNDLE_IDENTIFIER = org.diez.TargetTestStub.Static;
				SDKROOT = iphoneos;
				TARGETED_DEVICE_FAMILY = "1,2";
			};
			name = Debug;
		};
		BA722F26D05F279C44A3934EB1CC2C5E /* Release */ = {
			isa = XCBuildConfiguration;
			buildSettings = {
				ALWAYS_SEARCH_USER_PATHS = NO;
				CLANG_ANALYZER_NONNULL = YES;
				CLANG_ANALYZER_NUMBER_OBJECT_CONVERSION = YES_AGGRESSIVE;
				CLANG_CXX_LANGUAGE_STANDARD = "gnu++14";
				CLANG_CXX_LIBRARY = "libc++";
				CLANG_ENABLE_MODULES = YES;
				CLANG_ENABLE_OBJC_ARC = YES;
				CLANG_WARN_BLOCK_CAPTURE_AUTORELEASING = YES;
				CLANG_WARN_BOOL_CONVERSION = YES;
				CLANG_WARN_COMMA = YES;
				CLANG_WARN_CONSTANT_CONVERSION = YES;
				CLANG_WARN_DEPRECATED_OBJC_IMPLEMENTATIONS = YES;
				CLANG_WARN_DIRECT_OBJC_ISA_USAGE = YES_ERROR;
				CLANG_WARN_DOCUMENTATION_COMMENTS = YES;
				CLANG_WARN_EMPTY_BODY = YES;
				CLANG_WARN_ENUM_CONVERSION = YES;
				CLANG_WARN_INFINITE_RECURSION = YES;
				CLANG_WARN_INT_CONVERSION = YES;
				CLANG_WARN_NON_LITERAL_NULL_CONVERSION = YES;
				CLANG_WARN_OBJC_IMPLICIT_RETAIN_SELF = YES;
				CLANG_WARN_OBJC_LITERAL_CONVERSION = YES;
				CLANG_WARN_OBJC_ROOT_CLASS = YES_ERROR;
				CLANG_WARN_RANGE_LOOP_ANALYSIS = YES;
				CLANG_WARN_STRICT_PROTOTYPES = YES;
				CLANG_WARN_SUSPICIOUS_MOVE = YES;
				CLANG_WARN_UNGUARDED_AVAILABILITY = YES_AGGRESSIVE;
				CLANG_WARN_UNREACHABLE_CODE = YES;
				CLANG_WARN__DUPLICATE_METHOD_MATCH = YES;
				COPY_PHASE_STRIP = NO;
				DEBUG_INFORMATION_FORMAT = "dwarf-with-dsym";
				ENABLE_NS_ASSERTIONS = NO;
				ENABLE_STRICT_OBJC_MSGSEND = YES;
				GCC_C_LANGUAGE_STANDARD = gnu11;
				GCC_NO_COMMON_BLOCKS = YES;
				GCC_WARN_64_TO_32_BIT_CONVERSION = YES;
				GCC_WARN_ABOUT_RETURN_TYPE = YES_ERROR;
				GCC_WARN_UNDECLARED_SELECTOR = YES;
				GCC_WARN_UNINITIALIZED_AUTOS = YES_AGGRESSIVE;
				GCC_WARN_UNUSED_FUNCTION = YES;
				GCC_WARN_UNUSED_VARIABLE = YES;
				PRODUCT_NAME = "$(TARGET_NAME)";
				SDKROOT = iphoneos;
				SWIFT_COMPILATION_MODE = wholemodule;
				SWIFT_VERSION = 5.0;
				VALIDATE_PRODUCT = YES;
			};
			name = Release;
		};
		FB9BC10332ED70363E9DABE6ACBD0961 /* Release */ = {
			isa = XCBuildConfiguration;
			buildSettings = {
				INFOPLIST_FILE = "Sources/Static/Resources-Info.plist";
				LD_RUNPATH_SEARCH_PATHS = "$(inherited) @executable_path/Frameworks";
				PRODUCT_BUNDLE_IDENTIFIER = org.diez.TargetTestStub.Static;
				SDKROOT = iphoneos;
				TARGETED_DEVICE_FAMILY = "1,2";
			};
			name = Release;
		};
/* End XCBuildConfiguration section */

/* Begin XCConfigurationList section */
		19E53F962FBDF6DD22B5299D99E1485C /* Build configuration list for PBXProject "DiezTargetTestStub" */ = {
			isa = XCConfigurationList;
			buildConfigurations = (
				9A908426E17849BA991691BB1934B1C9 /* Debug */,
				BA722F26D05F279C44A3934EB1CC2C5E /* Release */,
			);
			defaultConfigurationIsVisible = 0;
			defaultConfigurationName = Debug;
		};
		1AEB1DF08EFF27B33681D21D039C6FFC /* Build configuration list for PBXNativeTarget "Static" */ = {
			isa = XCConfigurationList;
			buildConfigurations = (
				A0B16F508361276302BFEF075414A925 /* Debug */,
				FB9BC10332ED70363E9DABE6ACBD0961 /* Release */,
			);
			defaultConfigurationIsVisible = 0;
			defaultConfigurationName = "";
		};
		A1D20698386802C4EF84CAAD31B7CA53 /* Build configuration list for PBXNativeTarget "DiezTargetTestStub" */ = {
			isa = XCConfigurationList;
			buildConfigurations = (
				7B0D4383475CF74764DE4BF9412EB2AD /* Debug */,
				3793D84C27D0D57F985452F12F490263 /* Release */,
			);
			defaultConfigurationIsVisible = 0;
			defaultConfigurationName = "";
		};
/* End XCConfigurationList section */
	};
	rootObject = BE932CEDBB9619EDD10E5EB7E7026791 /* Project object */;
}
