PODS:
  - DiezPoodleSurf (1.0.0):
    - lottie-ios (~> 2.5.2)
  - lottie-ios (2.5.2)

DEPENDENCIES:
  - DiezPoodleSurf (from `../build/diez-poodle-surf-ios`)
  - lottie-ios (= 2.5.2)

SPEC REPOS:
  https://github.com/cocoapods/specs.git:
    - lottie-ios

EXTERNAL SOURCES:
  DiezPoodleSurf:
    :path: "../build/diez-poodle-surf-ios"

SPEC CHECKSUMS:
  DiezPoodleSurf: 9bbb988d95d5e496cfe8ebb92ba400f7fdeea1fb
  lottie-ios: 3fef45d3fabe63e3c7c2eb603dd64ddfffc73062

PODFILE CHECKSUM: fa14f14a1bd4d0e1cb6416a4b1fd36cabd9d6557

COCOAPODS: 1.6.1
